// !$*UTF8*$!
{
	archiveVersion = 1;
	classes = {
	};
	objectVersion = 56;
	objects = {

/* Begin PBXBuildFile section */
		26071BDF2B25EB290012B836 /* QuizView.swift in Sources */ = {isa = PBXBuildFile; fileRef = 26071BD22B25EA800012B836 /* QuizView.swift */; };
		26071BE02B25EB290012B836 /* QuizResultView.swift in Sources */ = {isa = PBXBuildFile; fileRef = 26071BD52B25EA860012B836 /* QuizResultView.swift */; };
		26071BE12B25EB290012B836 /* QuizDailyList.swift in Sources */ = {isa = PBXBuildFile; fileRef = 26071BD12B25EA7E0012B836 /* QuizDailyList.swift */; };
		26071BE22B25EB290012B836 /* QuizIntermediateList.swift in Sources */ = {isa = PBXBuildFile; fileRef = 26071BD32B25EA810012B836 /* QuizIntermediateList.swift */; };
		26071BE32B25EB290012B836 /* QuizManagerView.swift in Sources */ = {isa = PBXBuildFile; fileRef = 26071BD72B25EA8B0012B836 /* QuizManagerView.swift */; };
		26071BE52B25EB290012B836 /* QuizDatabaseList.swift in Sources */ = {isa = PBXBuildFile; fileRef = 26071BD42B25EA830012B836 /* QuizDatabaseList.swift */; };
		26071BE62B25EB290012B836 /* QuizManagerTimerView.swift in Sources */ = {isa = PBXBuildFile; fileRef = 26071BD82B25EA8C0012B836 /* QuizManagerTimerView.swift */; };
		26071BE72B25EB290012B836 /* QuizHtmlCssView.swift in Sources */ = {isa = PBXBuildFile; fileRef = 26071BDA2B25EA920012B836 /* QuizHtmlCssView.swift */; };
		26071BE82B25EB290012B836 /* QuizGodList.swift in Sources */ = {isa = PBXBuildFile; fileRef = 26071BDC2B25EA930012B836 /* QuizGodList.swift */; };
		26071BE92B25EB290012B836 /* QuizBeginnerList.swift in Sources */ = {isa = PBXBuildFile; fileRef = 26071BD02B25EA750012B836 /* QuizBeginnerList.swift */; };
		26071BEA2B25EB290012B836 /* QuizSecurityList.swift in Sources */ = {isa = PBXBuildFile; fileRef = 26071BDD2B25EA950012B836 /* QuizSecurityList.swift */; };
		26071BEB2B25EB290012B836 /* QuizAdvancedList.swift in Sources */ = {isa = PBXBuildFile; fileRef = 26071BD92B25EA8E0012B836 /* QuizAdvancedList.swift */; };
		26071BEC2B25EB290012B836 /* QuizNetworkList.swift in Sources */ = {isa = PBXBuildFile; fileRef = 26071BD62B25EA880012B836 /* QuizNetworkList.swift */; };
		26071BEE2B25EBE80012B836 /* AnswerSelectionView.swift in Sources */ = {isa = PBXBuildFile; fileRef = 26071BED2B25EBE80012B836 /* AnswerSelectionView.swift */; };
		26071BF02B2746B60012B836 /* ModalExplanationView.swift in Sources */ = {isa = PBXBuildFile; fileRef = 26071BEF2B2746B60012B836 /* ModalExplanationView.swift */; };
		26071BF22B2A73AD0012B836 /* ModalTimeoutView.swift in Sources */ = {isa = PBXBuildFile; fileRef = 26071BF12B2A73AD0012B836 /* ModalTimeoutView.swift */; };
		261F44B82B25B93C00080669 /* moneyQuizApp.swift in Sources */ = {isa = PBXBuildFile; fileRef = 261F44B72B25B93C00080669 /* moneyQuizApp.swift */; };
		261F44BC2B25B93E00080669 /* Assets.xcassets in Resources */ = {isa = PBXBuildFile; fileRef = 261F44BB2B25B93E00080669 /* Assets.xcassets */; };
		261F44BF2B25B93E00080669 /* Preview Assets.xcassets in Resources */ = {isa = PBXBuildFile; fileRef = 261F44BE2B25B93E00080669 /* Preview Assets.xcassets */; };
		261F44C82B25BA4A00080669 /* AuthManager.swift in Sources */ = {isa = PBXBuildFile; fileRef = 261F44C72B25BA4A00080669 /* AuthManager.swift */; };
		261F44CC2B25BAD800080669 /* PentagonShape.swift in Sources */ = {isa = PBXBuildFile; fileRef = 261F44C92B25BAD800080669 /* PentagonShape.swift */; };
		261F44D22B25BAE500080669 /* RateManager.swift in Sources */ = {isa = PBXBuildFile; fileRef = 261F44D02B25BAE500080669 /* RateManager.swift */; };
		261F44D72B25BB3A00080669 /* AvatarListView.swift in Sources */ = {isa = PBXBuildFile; fileRef = 261F44D32B25BB3700080669 /* AvatarListView.swift */; };
		261F44D92B25BB3A00080669 /* SettingView.swift in Sources */ = {isa = PBXBuildFile; fileRef = 261F44D52B25BB3A00080669 /* SettingView.swift */; };
		261F44DA2B25BB3A00080669 /* TopView.swift in Sources */ = {isa = PBXBuildFile; fileRef = 261F44D62B25BB3A00080669 /* TopView.swift */; };
		261F44DF2B25BB4F00080669 /* ModalView.swift in Sources */ = {isa = PBXBuildFile; fileRef = 261F44DB2B25BB4F00080669 /* ModalView.swift */; };
		261F44E02B25BB4F00080669 /* SignUp.swift in Sources */ = {isa = PBXBuildFile; fileRef = 261F44DC2B25BB4F00080669 /* SignUp.swift */; };
		261F44E12B25BB4F00080669 /* GachaManagerView.swift in Sources */ = {isa = PBXBuildFile; fileRef = 261F44DD2B25BB4F00080669 /* GachaManagerView.swift */; };
		261F44E22B25BB4F00080669 /* RootView.swift in Sources */ = {isa = PBXBuildFile; fileRef = 261F44DE2B25BB4F00080669 /* RootView.swift */; };
		261F44E72B25BB8300080669 /* RareGachaView.swift in Sources */ = {isa = PBXBuildFile; fileRef = 261F44E52B25BB8200080669 /* RareGachaView.swift */; };
		261F44E82B25BB8300080669 /* RewardView.swift in Sources */ = {isa = PBXBuildFile; fileRef = 261F44E62B25BB8300080669 /* RewardView.swift */; };
		261F44EB2B25BB8B00080669 /* GachaView.swift in Sources */ = {isa = PBXBuildFile; fileRef = 261F44E92B25BB8B00080669 /* GachaView.swift */; };
		261F44EC2B25BB8B00080669 /* GachaAnimationView.swift in Sources */ = {isa = PBXBuildFile; fileRef = 261F44EA2B25BB8B00080669 /* GachaAnimationView.swift */; };
		261F44F42B25BBB100080669 /* AudioManager.swift in Sources */ = {isa = PBXBuildFile; fileRef = 261F44ED2B25BBB000080669 /* AudioManager.swift */; };
		261F44F62B25BBB100080669 /* RewardModalView.swift in Sources */ = {isa = PBXBuildFile; fileRef = 261F44EF2B25BBB100080669 /* RewardModalView.swift */; };
		261F44F72B25BBB100080669 /* LoginModalView.swift in Sources */ = {isa = PBXBuildFile; fileRef = 261F44F02B25BBB100080669 /* LoginModalView.swift */; };
		261F44F82B25BBB100080669 /* TimerView.swift in Sources */ = {isa = PBXBuildFile; fileRef = 261F44F12B25BBB100080669 /* TimerView.swift */; };
		261F44F92B25BBB100080669 /* LoadingView.swift in Sources */ = {isa = PBXBuildFile; fileRef = 261F44F22B25BBB100080669 /* LoadingView.swift */; };
		261F44FA2B25BBB100080669 /* ProgressBar3.swift in Sources */ = {isa = PBXBuildFile; fileRef = 261F44F32B25BBB100080669 /* ProgressBar3.swift */; };
		261F450C2B25BDAE00080669 /* TimeIntermediateList.swift in Sources */ = {isa = PBXBuildFile; fileRef = 261F45092B25BDAE00080669 /* TimeIntermediateList.swift */; };
		261F450D2B25BDAE00080669 /* TimeAdvancedList.swift in Sources */ = {isa = PBXBuildFile; fileRef = 261F450A2B25BDAE00080669 /* TimeAdvancedList.swift */; };
		261F450E2B25BDAE00080669 /* TimeBeginnerList.swift in Sources */ = {isa = PBXBuildFile; fileRef = 261F450B2B25BDAE00080669 /* TimeBeginnerList.swift */; };
		261F45102B25BDD000080669 /* Interstitial.swift in Sources */ = {isa = PBXBuildFile; fileRef = 261F450F2B25BDD000080669 /* Interstitial.swift */; };
		261F45122B25BE0500080669 /* IllustratedView.swift in Sources */ = {isa = PBXBuildFile; fileRef = 261F45112B25BE0500080669 /* IllustratedView.swift */; };
		261F45162B25BE5F00080669 /* MemoView.swift in Sources */ = {isa = PBXBuildFile; fileRef = 261F45152B25BE5E00080669 /* MemoView.swift */; };
		261F45192B25BE8C00080669 /* PrivacyView.swift in Sources */ = {isa = PBXBuildFile; fileRef = 261F45172B25BE8C00080669 /* PrivacyView.swift */; };
		261F451A2B25BE8C00080669 /* TermsOfServiceView.swift in Sources */ = {isa = PBXBuildFile; fileRef = 261F45182B25BE8C00080669 /* TermsOfServiceView.swift */; };
		26228EEA2B463016009D59ED /* TittlesView.swift in Sources */ = {isa = PBXBuildFile; fileRef = 26228EE92B463016009D59ED /* TittlesView.swift */; };
		262F6C002B42FD5800DC0E69 /* ContentView.swift in Sources */ = {isa = PBXBuildFile; fileRef = 262F6BFF2B42FD5800DC0E69 /* ContentView.swift */; };
		263086232B3AD84800D8BD76 /* Charts.framework in Frameworks */ = {isa = PBXBuildFile; fileRef = 263086222B3AD84800D8BD76 /* Charts.framework */; };
		264CE41F2B3EFE5B00CFC826 /* GraphManagerView.swift in Sources */ = {isa = PBXBuildFile; fileRef = 264CE41E2B3EFE5B00CFC826 /* GraphManagerView.swift */; };
		26502AA12B43181A00ACFBF1 /* HelpView.swift in Sources */ = {isa = PBXBuildFile; fileRef = 26502AA02B43181A00ACFBF1 /* HelpView.swift */; };
		26507AA72B4477D4001A7F9E /* GoogleService-Info.plist in Resources */ = {isa = PBXBuildFile; fileRef = 26507AA62B4477D4001A7F9E /* GoogleService-Info.plist */; };
		265DDFFF2B3D1A73004BF2B2 /* AppState.swift in Sources */ = {isa = PBXBuildFile; fileRef = 265DDFFE2B3D1A73004BF2B2 /* AppState.swift */; };
		267D0C972B33388600A8D4ED /* BarChartView.swift in Sources */ = {isa = PBXBuildFile; fileRef = 267D0C962B33388600A8D4ED /* BarChartView.swift */; };
		26F229012B2D8CA600760F40 /* QuizIncorrectAnswerListView.swift in Sources */ = {isa = PBXBuildFile; fileRef = 26F229002B2D8CA600760F40 /* QuizIncorrectAnswerListView.swift */; };
		26F229032B302B0600760F40 /* ModalReturnView.swift in Sources */ = {isa = PBXBuildFile; fileRef = 26F229022B302B0600760F40 /* ModalReturnView.swift */; };
		26F229052B3173AC00760F40 /* Banner.swift in Sources */ = {isa = PBXBuildFile; fileRef = 26F229042B3173AC00760F40 /* Banner.swift */; };
		7D745C106B339DF249B98095 /* Pods_moneyQuiz.framework in Frameworks */ = {isa = PBXBuildFile; fileRef = CD72B6F6625FF739A1731D87 /* Pods_moneyQuiz.framework */; };
/* End PBXBuildFile section */

/* Begin PBXFileReference section */
		26071BCE2B25D3D30012B836 /* Info.plist */ = {isa = PBXFileReference; lastKnownFileType = text.plist; path = Info.plist; sourceTree = "<group>"; };
		26071BD02B25EA750012B836 /* QuizBeginnerList.swift */ = {isa = PBXFileReference; lastKnownFileType = sourcecode.swift; path = QuizBeginnerList.swift; sourceTree = "<group>"; };
		26071BD12B25EA7E0012B836 /* QuizDailyList.swift */ = {isa = PBXFileReference; lastKnownFileType = sourcecode.swift; path = QuizDailyList.swift; sourceTree = "<group>"; };
		26071BD22B25EA800012B836 /* QuizView.swift */ = {isa = PBXFileReference; lastKnownFileType = sourcecode.swift; path = QuizView.swift; sourceTree = "<group>"; };
		26071BD32B25EA810012B836 /* QuizIntermediateList.swift */ = {isa = PBXFileReference; lastKnownFileType = sourcecode.swift; path = QuizIntermediateList.swift; sourceTree = "<group>"; };
		26071BD42B25EA830012B836 /* QuizDatabaseList.swift */ = {isa = PBXFileReference; lastKnownFileType = sourcecode.swift; path = QuizDatabaseList.swift; sourceTree = "<group>"; };
		26071BD52B25EA860012B836 /* QuizResultView.swift */ = {isa = PBXFileReference; lastKnownFileType = sourcecode.swift; path = QuizResultView.swift; sourceTree = "<group>"; };
		26071BD62B25EA880012B836 /* QuizNetworkList.swift */ = {isa = PBXFileReference; lastKnownFileType = sourcecode.swift; path = QuizNetworkList.swift; sourceTree = "<group>"; };
		26071BD72B25EA8B0012B836 /* QuizManagerView.swift */ = {isa = PBXFileReference; lastKnownFileType = sourcecode.swift; path = QuizManagerView.swift; sourceTree = "<group>"; };
		26071BD82B25EA8C0012B836 /* QuizManagerTimerView.swift */ = {isa = PBXFileReference; lastKnownFileType = sourcecode.swift; path = QuizManagerTimerView.swift; sourceTree = "<group>"; };
		26071BD92B25EA8E0012B836 /* QuizAdvancedList.swift */ = {isa = PBXFileReference; lastKnownFileType = sourcecode.swift; path = QuizAdvancedList.swift; sourceTree = "<group>"; };
		26071BDA2B25EA920012B836 /* QuizHtmlCssView.swift */ = {isa = PBXFileReference; lastKnownFileType = sourcecode.swift; path = QuizHtmlCssView.swift; sourceTree = "<group>"; };
		26071BDC2B25EA930012B836 /* QuizGodList.swift */ = {isa = PBXFileReference; lastKnownFileType = sourcecode.swift; path = QuizGodList.swift; sourceTree = "<group>"; };
		26071BDD2B25EA950012B836 /* QuizSecurityList.swift */ = {isa = PBXFileReference; lastKnownFileType = sourcecode.swift; path = QuizSecurityList.swift; sourceTree = "<group>"; };
		26071BED2B25EBE80012B836 /* AnswerSelectionView.swift */ = {isa = PBXFileReference; fileEncoding = 4; lastKnownFileType = sourcecode.swift; name = AnswerSelectionView.swift; path = ../../it/it/AnswerSelectionView.swift; sourceTree = "<group>"; };
		26071BEF2B2746B60012B836 /* ModalExplanationView.swift */ = {isa = PBXFileReference; lastKnownFileType = sourcecode.swift; path = ModalExplanationView.swift; sourceTree = "<group>"; };
		26071BF12B2A73AD0012B836 /* ModalTimeoutView.swift */ = {isa = PBXFileReference; lastKnownFileType = sourcecode.swift; path = ModalTimeoutView.swift; sourceTree = "<group>"; };
		261F44B42B25B93C00080669 /* moneyQuiz.app */ = {isa = PBXFileReference; explicitFileType = wrapper.application; includeInIndex = 0; path = moneyQuiz.app; sourceTree = BUILT_PRODUCTS_DIR; };
		261F44B72B25B93C00080669 /* moneyQuizApp.swift */ = {isa = PBXFileReference; lastKnownFileType = sourcecode.swift; path = moneyQuizApp.swift; sourceTree = "<group>"; };
		261F44BB2B25B93E00080669 /* Assets.xcassets */ = {isa = PBXFileReference; lastKnownFileType = folder.assetcatalog; path = Assets.xcassets; sourceTree = "<group>"; };
		261F44BE2B25B93E00080669 /* Preview Assets.xcassets */ = {isa = PBXFileReference; lastKnownFileType = folder.assetcatalog; path = "Preview Assets.xcassets"; sourceTree = "<group>"; };
		261F44C72B25BA4A00080669 /* AuthManager.swift */ = {isa = PBXFileReference; fileEncoding = 4; lastKnownFileType = sourcecode.swift; name = AuthManager.swift; path = ../../it/it/AuthManager.swift; sourceTree = "<group>"; };
		261F44C92B25BAD800080669 /* PentagonShape.swift */ = {isa = PBXFileReference; fileEncoding = 4; lastKnownFileType = sourcecode.swift; name = PentagonShape.swift; path = ../../it/it/PentagonShape.swift; sourceTree = "<group>"; };
		261F44D02B25BAE500080669 /* RateManager.swift */ = {isa = PBXFileReference; fileEncoding = 4; lastKnownFileType = sourcecode.swift; name = RateManager.swift; path = ../../it/it/RateManager.swift; sourceTree = "<group>"; };
		261F44D32B25BB3700080669 /* AvatarListView.swift */ = {isa = PBXFileReference; fileEncoding = 4; lastKnownFileType = sourcecode.swift; name = AvatarListView.swift; path = ../../it/it/AvatarListView.swift; sourceTree = "<group>"; };
		261F44D52B25BB3A00080669 /* SettingView.swift */ = {isa = PBXFileReference; fileEncoding = 4; lastKnownFileType = sourcecode.swift; name = SettingView.swift; path = ../../it/it/SettingView.swift; sourceTree = "<group>"; };
		261F44D62B25BB3A00080669 /* TopView.swift */ = {isa = PBXFileReference; fileEncoding = 4; lastKnownFileType = sourcecode.swift; name = TopView.swift; path = ../../it/it/TopView.swift; sourceTree = "<group>"; };
		261F44DB2B25BB4F00080669 /* ModalView.swift */ = {isa = PBXFileReference; fileEncoding = 4; lastKnownFileType = sourcecode.swift; name = ModalView.swift; path = ../../it/it/ModalView.swift; sourceTree = "<group>"; };
		261F44DC2B25BB4F00080669 /* SignUp.swift */ = {isa = PBXFileReference; fileEncoding = 4; lastKnownFileType = sourcecode.swift; name = SignUp.swift; path = ../../it/it/SignUp.swift; sourceTree = "<group>"; };
		261F44DD2B25BB4F00080669 /* GachaManagerView.swift */ = {isa = PBXFileReference; fileEncoding = 4; lastKnownFileType = sourcecode.swift; name = GachaManagerView.swift; path = ../../it/it/GachaManagerView.swift; sourceTree = "<group>"; };
		261F44DE2B25BB4F00080669 /* RootView.swift */ = {isa = PBXFileReference; fileEncoding = 4; lastKnownFileType = sourcecode.swift; name = RootView.swift; path = ../../it/it/RootView.swift; sourceTree = "<group>"; };
		261F44E52B25BB8200080669 /* RareGachaView.swift */ = {isa = PBXFileReference; fileEncoding = 4; lastKnownFileType = sourcecode.swift; name = RareGachaView.swift; path = ../../it/it/RareGachaView.swift; sourceTree = "<group>"; };
		261F44E62B25BB8300080669 /* RewardView.swift */ = {isa = PBXFileReference; fileEncoding = 4; lastKnownFileType = sourcecode.swift; name = RewardView.swift; path = ../../it/it/RewardView.swift; sourceTree = "<group>"; };
		261F44E92B25BB8B00080669 /* GachaView.swift */ = {isa = PBXFileReference; fileEncoding = 4; lastKnownFileType = sourcecode.swift; name = GachaView.swift; path = ../../it/it/GachaView.swift; sourceTree = "<group>"; };
		261F44EA2B25BB8B00080669 /* GachaAnimationView.swift */ = {isa = PBXFileReference; fileEncoding = 4; lastKnownFileType = sourcecode.swift; name = GachaAnimationView.swift; path = ../../it/it/GachaAnimationView.swift; sourceTree = "<group>"; };
		261F44ED2B25BBB000080669 /* AudioManager.swift */ = {isa = PBXFileReference; fileEncoding = 4; lastKnownFileType = sourcecode.swift; name = AudioManager.swift; path = ../../it/it/AudioManager.swift; sourceTree = "<group>"; };
		261F44EF2B25BBB100080669 /* RewardModalView.swift */ = {isa = PBXFileReference; fileEncoding = 4; lastKnownFileType = sourcecode.swift; name = RewardModalView.swift; path = ../../it/it/RewardModalView.swift; sourceTree = "<group>"; };
		261F44F02B25BBB100080669 /* LoginModalView.swift */ = {isa = PBXFileReference; fileEncoding = 4; lastKnownFileType = sourcecode.swift; name = LoginModalView.swift; path = ../../it/it/LoginModalView.swift; sourceTree = "<group>"; };
		261F44F12B25BBB100080669 /* TimerView.swift */ = {isa = PBXFileReference; fileEncoding = 4; lastKnownFileType = sourcecode.swift; name = TimerView.swift; path = ../../it/it/TimerView.swift; sourceTree = "<group>"; };
		261F44F22B25BBB100080669 /* LoadingView.swift */ = {isa = PBXFileReference; fileEncoding = 4; lastKnownFileType = sourcecode.swift; name = LoadingView.swift; path = ../../it/it/LoadingView.swift; sourceTree = "<group>"; };
		261F44F32B25BBB100080669 /* ProgressBar3.swift */ = {isa = PBXFileReference; fileEncoding = 4; lastKnownFileType = sourcecode.swift; name = ProgressBar3.swift; path = ../../it/it/ProgressBar3.swift; sourceTree = "<group>"; };
		261F45092B25BDAE00080669 /* TimeIntermediateList.swift */ = {isa = PBXFileReference; fileEncoding = 4; lastKnownFileType = sourcecode.swift; name = TimeIntermediateList.swift; path = ../../it/it/TimeIntermediateList.swift; sourceTree = "<group>"; };
		261F450A2B25BDAE00080669 /* TimeAdvancedList.swift */ = {isa = PBXFileReference; fileEncoding = 4; lastKnownFileType = sourcecode.swift; name = TimeAdvancedList.swift; path = ../../it/it/TimeAdvancedList.swift; sourceTree = "<group>"; };
		261F450B2B25BDAE00080669 /* TimeBeginnerList.swift */ = {isa = PBXFileReference; fileEncoding = 4; lastKnownFileType = sourcecode.swift; name = TimeBeginnerList.swift; path = ../../it/it/TimeBeginnerList.swift; sourceTree = "<group>"; };
		261F450F2B25BDD000080669 /* Interstitial.swift */ = {isa = PBXFileReference; fileEncoding = 4; lastKnownFileType = sourcecode.swift; name = Interstitial.swift; path = ../../it/it/Interstitial.swift; sourceTree = "<group>"; };
		261F45112B25BE0500080669 /* IllustratedView.swift */ = {isa = PBXFileReference; fileEncoding = 4; lastKnownFileType = sourcecode.swift; name = IllustratedView.swift; path = ../../it/it/IllustratedView.swift; sourceTree = "<group>"; };
		261F45152B25BE5E00080669 /* MemoView.swift */ = {isa = PBXFileReference; fileEncoding = 4; lastKnownFileType = sourcecode.swift; name = MemoView.swift; path = ../../it/it/MemoView.swift; sourceTree = "<group>"; };
		261F45172B25BE8C00080669 /* PrivacyView.swift */ = {isa = PBXFileReference; fileEncoding = 4; lastKnownFileType = sourcecode.swift; name = PrivacyView.swift; path = ../../reward/reward/PrivacyView.swift; sourceTree = "<group>"; };
		261F45182B25BE8C00080669 /* TermsOfServiceView.swift */ = {isa = PBXFileReference; fileEncoding = 4; lastKnownFileType = sourcecode.swift; name = TermsOfServiceView.swift; path = ../../reward/reward/TermsOfServiceView.swift; sourceTree = "<group>"; };
		26228EE92B463016009D59ED /* TittlesView.swift */ = {isa = PBXFileReference; lastKnownFileType = sourcecode.swift; path = TittlesView.swift; sourceTree = "<group>"; };
		262F6BFF2B42FD5800DC0E69 /* ContentView.swift */ = {isa = PBXFileReference; fileEncoding = 4; lastKnownFileType = sourcecode.swift; name = ContentView.swift; path = ../../../Downloads/ContentView.swift; sourceTree = "<group>"; };
		2630861E2B3AD63900D8BD76 /* Charts.framework */ = {isa = PBXFileReference; explicitFileType = wrapper.framework; path = Charts.framework; sourceTree = BUILT_PRODUCTS_DIR; };
		263086222B3AD84800D8BD76 /* Charts.framework */ = {isa = PBXFileReference; lastKnownFileType = wrapper.framework; name = Charts.framework; path = System/Library/Frameworks/Charts.framework; sourceTree = SDKROOT; };
		264CE41E2B3EFE5B00CFC826 /* GraphManagerView.swift */ = {isa = PBXFileReference; lastKnownFileType = sourcecode.swift; path = GraphManagerView.swift; sourceTree = "<group>"; };
		26502AA02B43181A00ACFBF1 /* HelpView.swift */ = {isa = PBXFileReference; lastKnownFileType = sourcecode.swift; path = HelpView.swift; sourceTree = "<group>"; };
		26507AA62B4477D4001A7F9E /* GoogleService-Info.plist */ = {isa = PBXFileReference; fileEncoding = 4; lastKnownFileType = text.plist.xml; path = "GoogleService-Info.plist"; sourceTree = "<group>"; };
		265DDFFE2B3D1A73004BF2B2 /* AppState.swift */ = {isa = PBXFileReference; lastKnownFileType = sourcecode.swift; path = AppState.swift; sourceTree = "<group>"; };
		267D0C962B33388600A8D4ED /* BarChartView.swift */ = {isa = PBXFileReference; lastKnownFileType = sourcecode.swift; path = BarChartView.swift; sourceTree = "<group>"; };
		26F229002B2D8CA600760F40 /* QuizIncorrectAnswerListView.swift */ = {isa = PBXFileReference; lastKnownFileType = sourcecode.swift; path = QuizIncorrectAnswerListView.swift; sourceTree = "<group>"; };
		26F229022B302B0600760F40 /* ModalReturnView.swift */ = {isa = PBXFileReference; lastKnownFileType = sourcecode.swift; path = ModalReturnView.swift; sourceTree = "<group>"; };
		26F229042B3173AC00760F40 /* Banner.swift */ = {isa = PBXFileReference; lastKnownFileType = sourcecode.swift; path = Banner.swift; sourceTree = "<group>"; };
		5179FECCE44B63CB2672945E /* Pods-moneyQuiz.debug.xcconfig */ = {isa = PBXFileReference; includeInIndex = 1; lastKnownFileType = text.xcconfig; name = "Pods-moneyQuiz.debug.xcconfig"; path = "Target Support Files/Pods-moneyQuiz/Pods-moneyQuiz.debug.xcconfig"; sourceTree = "<group>"; };
		8BFB83CE6250694AD6A58DDA /* Pods-moneyQuiz.release.xcconfig */ = {isa = PBXFileReference; includeInIndex = 1; lastKnownFileType = text.xcconfig; name = "Pods-moneyQuiz.release.xcconfig"; path = "Target Support Files/Pods-moneyQuiz/Pods-moneyQuiz.release.xcconfig"; sourceTree = "<group>"; };
		CD72B6F6625FF739A1731D87 /* Pods_moneyQuiz.framework */ = {isa = PBXFileReference; explicitFileType = wrapper.framework; includeInIndex = 0; path = Pods_moneyQuiz.framework; sourceTree = BUILT_PRODUCTS_DIR; };
/* End PBXFileReference section */

/* Begin PBXFrameworksBuildPhase section */
		261F44B12B25B93C00080669 /* Frameworks */ = {
			isa = PBXFrameworksBuildPhase;
			buildActionMask = 2147483647;
			files = (
				263086232B3AD84800D8BD76 /* Charts.framework in Frameworks */,
				7D745C106B339DF249B98095 /* Pods_moneyQuiz.framework in Frameworks */,
			);
			runOnlyForDeploymentPostprocessing = 0;
		};
/* End PBXFrameworksBuildPhase section */

/* Begin PBXGroup section */
		261F44AB2B25B93C00080669 = {
			isa = PBXGroup;
			children = (
				261F44B62B25B93C00080669 /* moneyQuiz */,
				261F44B52B25B93C00080669 /* Products */,
				2C13CE95877EB0EB6450C86B /* Pods */,
				3537C3590AEC75E539D83CB5 /* Frameworks */,
			);
			sourceTree = "<group>";
		};
		261F44B52B25B93C00080669 /* Products */ = {
			isa = PBXGroup;
			children = (
				261F44B42B25B93C00080669 /* moneyQuiz.app */,
			);
			name = Products;
			sourceTree = "<group>";
		};
		261F44B62B25B93C00080669 /* moneyQuiz */ = {
			isa = PBXGroup;
			children = (
				26071BCE2B25D3D30012B836 /* Info.plist */,
				261F44B72B25B93C00080669 /* moneyQuizApp.swift */,
				262F6BFF2B42FD5800DC0E69 /* ContentView.swift */,
				267D0C962B33388600A8D4ED /* BarChartView.swift */,
				261F44C72B25BA4A00080669 /* AuthManager.swift */,
				261F44C92B25BAD800080669 /* PentagonShape.swift */,
				26071BD52B25EA860012B836 /* QuizResultView.swift */,
				26071BD22B25EA800012B836 /* QuizView.swift */,
				26071BD72B25EA8B0012B836 /* QuizManagerView.swift */,
				26071BD92B25EA8E0012B836 /* QuizAdvancedList.swift */,
				26071BD12B25EA7E0012B836 /* QuizDailyList.swift */,
				26071BD42B25EA830012B836 /* QuizDatabaseList.swift */,
				26071BDC2B25EA930012B836 /* QuizGodList.swift */,
				26071BDA2B25EA920012B836 /* QuizHtmlCssView.swift */,
				26071BD32B25EA810012B836 /* QuizIntermediateList.swift */,
				26071BED2B25EBE80012B836 /* AnswerSelectionView.swift */,
				265DDFFE2B3D1A73004BF2B2 /* AppState.swift */,
				26F229042B3173AC00760F40 /* Banner.swift */,
				26071BD62B25EA880012B836 /* QuizNetworkList.swift */,
				26071BD82B25EA8C0012B836 /* QuizManagerTimerView.swift */,
				26071BDD2B25EA950012B836 /* QuizSecurityList.swift */,
				26071BD02B25EA750012B836 /* QuizBeginnerList.swift */,
				26F229002B2D8CA600760F40 /* QuizIncorrectAnswerListView.swift */,
				261F44D02B25BAE500080669 /* RateManager.swift */,
				261F44D32B25BB3700080669 /* AvatarListView.swift */,
				261F44D52B25BB3A00080669 /* SettingView.swift */,
				261F44DD2B25BB4F00080669 /* GachaManagerView.swift */,
				264CE41E2B3EFE5B00CFC826 /* GraphManagerView.swift */,
				26071BEF2B2746B60012B836 /* ModalExplanationView.swift */,
				26F229022B302B0600760F40 /* ModalReturnView.swift */,
				26071BF12B2A73AD0012B836 /* ModalTimeoutView.swift */,
				261F45112B25BE0500080669 /* IllustratedView.swift */,
				261F450A2B25BDAE00080669 /* TimeAdvancedList.swift */,
				261F450B2B25BDAE00080669 /* TimeBeginnerList.swift */,
				261F450F2B25BDD000080669 /* Interstitial.swift */,
				261F45092B25BDAE00080669 /* TimeIntermediateList.swift */,
				261F44DB2B25BB4F00080669 /* ModalView.swift */,
				261F44ED2B25BBB000080669 /* AudioManager.swift */,
				261F44F22B25BBB100080669 /* LoadingView.swift */,
				261F44F02B25BBB100080669 /* LoginModalView.swift */,
				261F44F32B25BBB100080669 /* ProgressBar3.swift */,
				261F45152B25BE5E00080669 /* MemoView.swift */,
				261F45172B25BE8C00080669 /* PrivacyView.swift */,
				261F45182B25BE8C00080669 /* TermsOfServiceView.swift */,
				261F44EF2B25BBB100080669 /* RewardModalView.swift */,
				261F44F12B25BBB100080669 /* TimerView.swift */,
				26507AA62B4477D4001A7F9E /* GoogleService-Info.plist */,
				261F44DE2B25BB4F00080669 /* RootView.swift */,
				261F44E52B25BB8200080669 /* RareGachaView.swift */,
				261F44E62B25BB8300080669 /* RewardView.swift */,
				261F44DC2B25BB4F00080669 /* SignUp.swift */,
				261F44D62B25BB3A00080669 /* TopView.swift */,
				261F44EA2B25BB8B00080669 /* GachaAnimationView.swift */,
				261F44E92B25BB8B00080669 /* GachaView.swift */,
				261F44BB2B25B93E00080669 /* Assets.xcassets */,
				261F44BD2B25B93E00080669 /* Preview Content */,
				26502AA02B43181A00ACFBF1 /* HelpView.swift */,
				26228EE92B463016009D59ED /* TittlesView.swift */,
			);
			path = moneyQuiz;
			sourceTree = "<group>";
		};
		261F44BD2B25B93E00080669 /* Preview Content */ = {
			isa = PBXGroup;
			children = (
				261F44BE2B25B93E00080669 /* Preview Assets.xcassets */,
			);
			path = "Preview Content";
			sourceTree = "<group>";
		};
		2C13CE95877EB0EB6450C86B /* Pods */ = {
			isa = PBXGroup;
			children = (
				5179FECCE44B63CB2672945E /* Pods-moneyQuiz.debug.xcconfig */,
				8BFB83CE6250694AD6A58DDA /* Pods-moneyQuiz.release.xcconfig */,
			);
			path = Pods;
			sourceTree = "<group>";
		};
		3537C3590AEC75E539D83CB5 /* Frameworks */ = {
			isa = PBXGroup;
			children = (
				2630861E2B3AD63900D8BD76 /* Charts.framework */,
				263086222B3AD84800D8BD76 /* Charts.framework */,
				CD72B6F6625FF739A1731D87 /* Pods_moneyQuiz.framework */,
			);
			name = Frameworks;
			sourceTree = "<group>";
		};
/* End PBXGroup section */

/* Begin PBXNativeTarget section */
		261F44B32B25B93C00080669 /* moneyQuiz */ = {
			isa = PBXNativeTarget;
			buildConfigurationList = 261F44C22B25B93E00080669 /* Build configuration list for PBXNativeTarget "moneyQuiz" */;
			buildPhases = (
				0CEDCAC0A80B32D36FFD9B98 /* [CP] Check Pods Manifest.lock */,
				261F44B02B25B93C00080669 /* Sources */,
				261F44B12B25B93C00080669 /* Frameworks */,
				261F44B22B25B93C00080669 /* Resources */,
				A612BB8FEDEE8CA2B41A1F15 /* [CP] Embed Pods Frameworks */,
			);
			buildRules = (
			);
			dependencies = (
			);
			name = moneyQuiz;
			productName = moneyQuiz;
			productReference = 261F44B42B25B93C00080669 /* moneyQuiz.app */;
			productType = "com.apple.product-type.application";
		};
/* End PBXNativeTarget section */

/* Begin PBXProject section */
		261F44AC2B25B93C00080669 /* Project object */ = {
			isa = PBXProject;
			attributes = {
				BuildIndependentTargetsInParallel = 1;
				LastSwiftUpdateCheck = 1510;
				LastUpgradeCheck = 1510;
				TargetAttributes = {
					261F44B32B25B93C00080669 = {
						CreatedOnToolsVersion = 15.1;
					};
				};
			};
			buildConfigurationList = 261F44AF2B25B93C00080669 /* Build configuration list for PBXProject "moneyQuiz" */;
			compatibilityVersion = "Xcode 14.0";
			developmentRegion = en;
			hasScannedForEncodings = 0;
			knownRegions = (
				en,
				Base,
			);
			mainGroup = 261F44AB2B25B93C00080669;
			productRefGroup = 261F44B52B25B93C00080669 /* Products */;
			projectDirPath = "";
			projectRoot = "";
			targets = (
				261F44B32B25B93C00080669 /* moneyQuiz */,
			);
		};
/* End PBXProject section */

/* Begin PBXResourcesBuildPhase section */
		261F44B22B25B93C00080669 /* Resources */ = {
			isa = PBXResourcesBuildPhase;
			buildActionMask = 2147483647;
			files = (
				261F44BF2B25B93E00080669 /* Preview Assets.xcassets in Resources */,
				26507AA72B4477D4001A7F9E /* GoogleService-Info.plist in Resources */,
				261F44BC2B25B93E00080669 /* Assets.xcassets in Resources */,
			);
			runOnlyForDeploymentPostprocessing = 0;
		};
/* End PBXResourcesBuildPhase section */

/* Begin PBXShellScriptBuildPhase section */
		0CEDCAC0A80B32D36FFD9B98 /* [CP] Check Pods Manifest.lock */ = {
			isa = PBXShellScriptBuildPhase;
			buildActionMask = 2147483647;
			files = (
			);
			inputFileListPaths = (
			);
			inputPaths = (
				"${PODS_PODFILE_DIR_PATH}/Podfile.lock",
				"${PODS_ROOT}/Manifest.lock",
			);
			name = "[CP] Check Pods Manifest.lock";
			outputFileListPaths = (
			);
			outputPaths = (
				"$(DERIVED_FILE_DIR)/Pods-moneyQuiz-checkManifestLockResult.txt",
			);
			runOnlyForDeploymentPostprocessing = 0;
			shellPath = /bin/sh;
			shellScript = "diff \"${PODS_PODFILE_DIR_PATH}/Podfile.lock\" \"${PODS_ROOT}/Manifest.lock\" > /dev/null\nif [ $? != 0 ] ; then\n    # print error to STDERR\n    echo \"error: The sandbox is not in sync with the Podfile.lock. Run 'pod install' or update your CocoaPods installation.\" >&2\n    exit 1\nfi\n# This output is used by Xcode 'outputs' to avoid re-running this script phase.\necho \"SUCCESS\" > \"${SCRIPT_OUTPUT_FILE_0}\"\n";
			showEnvVarsInLog = 0;
		};
		A612BB8FEDEE8CA2B41A1F15 /* [CP] Embed Pods Frameworks */ = {
			isa = PBXShellScriptBuildPhase;
			buildActionMask = 2147483647;
			files = (
			);
			inputFileListPaths = (
				"${PODS_ROOT}/Target Support Files/Pods-moneyQuiz/Pods-moneyQuiz-frameworks-${CONFIGURATION}-input-files.xcfilelist",
			);
			name = "[CP] Embed Pods Frameworks";
			outputFileListPaths = (
				"${PODS_ROOT}/Target Support Files/Pods-moneyQuiz/Pods-moneyQuiz-frameworks-${CONFIGURATION}-output-files.xcfilelist",
			);
			runOnlyForDeploymentPostprocessing = 0;
			shellPath = /bin/sh;
			shellScript = "\"${PODS_ROOT}/Target Support Files/Pods-moneyQuiz/Pods-moneyQuiz-frameworks.sh\"\n";
			showEnvVarsInLog = 0;
		};
/* End PBXShellScriptBuildPhase section */

/* Begin PBXSourcesBuildPhase section */
		261F44B02B25B93C00080669 /* Sources */ = {
			isa = PBXSourcesBuildPhase;
			buildActionMask = 2147483647;
			files = (
				26071BEA2B25EB290012B836 /* QuizSecurityList.swift in Sources */,
				261F44C82B25BA4A00080669 /* AuthManager.swift in Sources */,
				262F6C002B42FD5800DC0E69 /* ContentView.swift in Sources */,
				261F450D2B25BDAE00080669 /* TimeAdvancedList.swift in Sources */,
				26F229052B3173AC00760F40 /* Banner.swift in Sources */,
				26071BE82B25EB290012B836 /* QuizGodList.swift in Sources */,
				265DDFFF2B3D1A73004BF2B2 /* AppState.swift in Sources */,
				261F44D22B25BAE500080669 /* RateManager.swift in Sources */,
				26228EEA2B463016009D59ED /* TittlesView.swift in Sources */,
				267D0C972B33388600A8D4ED /* BarChartView.swift in Sources */,
				261F44B82B25B93C00080669 /* moneyQuizApp.swift in Sources */,
				261F44E82B25BB8300080669 /* RewardView.swift in Sources */,
				26071BE12B25EB290012B836 /* QuizDailyList.swift in Sources */,
				26071BEB2B25EB290012B836 /* QuizAdvancedList.swift in Sources */,
				26071BE22B25EB290012B836 /* QuizIntermediateList.swift in Sources */,
				261F45122B25BE0500080669 /* IllustratedView.swift in Sources */,
				26071BE92B25EB290012B836 /* QuizBeginnerList.swift in Sources */,
				26071BE32B25EB290012B836 /* QuizManagerView.swift in Sources */,
				261F44D72B25BB3A00080669 /* AvatarListView.swift in Sources */,
				261F45192B25BE8C00080669 /* PrivacyView.swift in Sources */,
				261F44F92B25BBB100080669 /* LoadingView.swift in Sources */,
				26071BDF2B25EB290012B836 /* QuizView.swift in Sources */,
				261F44E72B25BB8300080669 /* RareGachaView.swift in Sources */,
				261F44E02B25BB4F00080669 /* SignUp.swift in Sources */,
				261F44E22B25BB4F00080669 /* RootView.swift in Sources */,
				26071BE52B25EB290012B836 /* QuizDatabaseList.swift in Sources */,
				261F44E12B25BB4F00080669 /* GachaManagerView.swift in Sources */,
				261F44EB2B25BB8B00080669 /* GachaView.swift in Sources */,
				26F229032B302B0600760F40 /* ModalReturnView.swift in Sources */,
				261F44CC2B25BAD800080669 /* PentagonShape.swift in Sources */,
				264CE41F2B3EFE5B00CFC826 /* GraphManagerView.swift in Sources */,
				261F451A2B25BE8C00080669 /* TermsOfServiceView.swift in Sources */,
				26071BE02B25EB290012B836 /* QuizResultView.swift in Sources */,
				26071BEC2B25EB290012B836 /* QuizNetworkList.swift in Sources */,
				261F44EC2B25BB8B00080669 /* GachaAnimationView.swift in Sources */,
				261F44F72B25BBB100080669 /* LoginModalView.swift in Sources */,
				26F229012B2D8CA600760F40 /* QuizIncorrectAnswerListView.swift in Sources */,
				26071BE62B25EB290012B836 /* QuizManagerTimerView.swift in Sources */,
				261F44FA2B25BBB100080669 /* ProgressBar3.swift in Sources */,
				261F45162B25BE5F00080669 /* MemoView.swift in Sources */,
				26071BEE2B25EBE80012B836 /* AnswerSelectionView.swift in Sources */,
				261F45102B25BDD000080669 /* Interstitial.swift in Sources */,
				261F44F82B25BBB100080669 /* TimerView.swift in Sources */,
				26071BE72B25EB290012B836 /* QuizHtmlCssView.swift in Sources */,
				261F44DF2B25BB4F00080669 /* ModalView.swift in Sources */,
				261F44DA2B25BB3A00080669 /* TopView.swift in Sources */,
				261F44F62B25BBB100080669 /* RewardModalView.swift in Sources */,
				261F450E2B25BDAE00080669 /* TimeBeginnerList.swift in Sources */,
				26071BF02B2746B60012B836 /* ModalExplanationView.swift in Sources */,
				26071BF22B2A73AD0012B836 /* ModalTimeoutView.swift in Sources */,
				261F44F42B25BBB100080669 /* AudioManager.swift in Sources */,
				261F44D92B25BB3A00080669 /* SettingView.swift in Sources */,
				261F450C2B25BDAE00080669 /* TimeIntermediateList.swift in Sources */,
				26502AA12B43181A00ACFBF1 /* HelpView.swift in Sources */,
			);
			runOnlyForDeploymentPostprocessing = 0;
		};
/* End PBXSourcesBuildPhase section */

/* Begin XCBuildConfiguration section */
		261F44C02B25B93E00080669 /* Debug */ = {
			isa = XCBuildConfiguration;
			buildSettings = {
				ALWAYS_SEARCH_USER_PATHS = NO;
				ASSETCATALOG_COMPILER_GENERATE_SWIFT_ASSET_SYMBOL_EXTENSIONS = YES;
				CLANG_ANALYZER_NONNULL = YES;
				CLANG_ANALYZER_NUMBER_OBJECT_CONVERSION = YES_AGGRESSIVE;
				CLANG_CXX_LANGUAGE_STANDARD = "gnu++20";
				CLANG_ENABLE_MODULES = YES;
				CLANG_ENABLE_OBJC_ARC = YES;
				CLANG_ENABLE_OBJC_WEAK = YES;
				CLANG_WARN_BLOCK_CAPTURE_AUTORELEASING = YES;
				CLANG_WARN_BOOL_CONVERSION = YES;
				CLANG_WARN_COMMA = YES;
				CLANG_WARN_CONSTANT_CONVERSION = YES;
				CLANG_WARN_DEPRECATED_OBJC_IMPLEMENTATIONS = YES;
				CLANG_WARN_DIRECT_OBJC_ISA_USAGE = YES_ERROR;
				CLANG_WARN_DOCUMENTATION_COMMENTS = YES;
				CLANG_WARN_EMPTY_BODY = YES;
				CLANG_WARN_ENUM_CONVERSION = YES;
				CLANG_WARN_INFINITE_RECURSION = YES;
				CLANG_WARN_INT_CONVERSION = YES;
				CLANG_WARN_NON_LITERAL_NULL_CONVERSION = YES;
				CLANG_WARN_OBJC_IMPLICIT_RETAIN_SELF = YES;
				CLANG_WARN_OBJC_LITERAL_CONVERSION = YES;
				CLANG_WARN_OBJC_ROOT_CLASS = YES_ERROR;
				CLANG_WARN_QUOTED_INCLUDE_IN_FRAMEWORK_HEADER = YES;
				CLANG_WARN_RANGE_LOOP_ANALYSIS = YES;
				CLANG_WARN_STRICT_PROTOTYPES = YES;
				CLANG_WARN_SUSPICIOUS_MOVE = YES;
				CLANG_WARN_UNGUARDED_AVAILABILITY = YES_AGGRESSIVE;
				CLANG_WARN_UNREACHABLE_CODE = YES;
				CLANG_WARN__DUPLICATE_METHOD_MATCH = YES;
				COPY_PHASE_STRIP = NO;
				DEBUG_INFORMATION_FORMAT = dwarf;
				ENABLE_STRICT_OBJC_MSGSEND = YES;
				ENABLE_TESTABILITY = YES;
				ENABLE_USER_SCRIPT_SANDBOXING = NO;
				GCC_C_LANGUAGE_STANDARD = gnu17;
				GCC_DYNAMIC_NO_PIC = NO;
				GCC_NO_COMMON_BLOCKS = YES;
				GCC_OPTIMIZATION_LEVEL = 0;
				GCC_PREPROCESSOR_DEFINITIONS = (
					"DEBUG=1",
					"$(inherited)",
				);
				GCC_WARN_64_TO_32_BIT_CONVERSION = YES;
				GCC_WARN_ABOUT_RETURN_TYPE = YES_ERROR;
				GCC_WARN_UNDECLARED_SELECTOR = YES;
				GCC_WARN_UNINITIALIZED_AUTOS = YES_AGGRESSIVE;
				GCC_WARN_UNUSED_FUNCTION = YES;
				GCC_WARN_UNUSED_VARIABLE = YES;
				IPHONEOS_DEPLOYMENT_TARGET = 17.2;
				LOCALIZATION_PREFERS_STRING_CATALOGS = YES;
				MTL_ENABLE_DEBUG_INFO = INCLUDE_SOURCE;
				MTL_FAST_MATH = YES;
				ONLY_ACTIVE_ARCH = YES;
				SDKROOT = iphoneos;
				SWIFT_ACTIVE_COMPILATION_CONDITIONS = "DEBUG $(inherited)";
				SWIFT_OPTIMIZATION_LEVEL = "-Onone";
			};
			name = Debug;
		};
		261F44C12B25B93E00080669 /* Release */ = {
			isa = XCBuildConfiguration;
			buildSettings = {
				ALWAYS_SEARCH_USER_PATHS = NO;
				ASSETCATALOG_COMPILER_GENERATE_SWIFT_ASSET_SYMBOL_EXTENSIONS = YES;
				CLANG_ANALYZER_NONNULL = YES;
				CLANG_ANALYZER_NUMBER_OBJECT_CONVERSION = YES_AGGRESSIVE;
				CLANG_CXX_LANGUAGE_STANDARD = "gnu++20";
				CLANG_ENABLE_MODULES = YES;
				CLANG_ENABLE_OBJC_ARC = YES;
				CLANG_ENABLE_OBJC_WEAK = YES;
				CLANG_WARN_BLOCK_CAPTURE_AUTORELEASING = YES;
				CLANG_WARN_BOOL_CONVERSION = YES;
				CLANG_WARN_COMMA = YES;
				CLANG_WARN_CONSTANT_CONVERSION = YES;
				CLANG_WARN_DEPRECATED_OBJC_IMPLEMENTATIONS = YES;
				CLANG_WARN_DIRECT_OBJC_ISA_USAGE = YES_ERROR;
				CLANG_WARN_DOCUMENTATION_COMMENTS = YES;
				CLANG_WARN_EMPTY_BODY = YES;
				CLANG_WARN_ENUM_CONVERSION = YES;
				CLANG_WARN_INFINITE_RECURSION = YES;
				CLANG_WARN_INT_CONVERSION = YES;
				CLANG_WARN_NON_LITERAL_NULL_CONVERSION = YES;
				CLANG_WARN_OBJC_IMPLICIT_RETAIN_SELF = YES;
				CLANG_WARN_OBJC_LITERAL_CONVERSION = YES;
				CLANG_WARN_OBJC_ROOT_CLASS = YES_ERROR;
				CLANG_WARN_QUOTED_INCLUDE_IN_FRAMEWORK_HEADER = YES;
				CLANG_WARN_RANGE_LOOP_ANALYSIS = YES;
				CLANG_WARN_STRICT_PROTOTYPES = YES;
				CLANG_WARN_SUSPICIOUS_MOVE = YES;
				CLANG_WARN_UNGUARDED_AVAILABILITY = YES_AGGRESSIVE;
				CLANG_WARN_UNREACHABLE_CODE = YES;
				CLANG_WARN__DUPLICATE_METHOD_MATCH = YES;
				COPY_PHASE_STRIP = NO;
				DEBUG_INFORMATION_FORMAT = "dwarf-with-dsym";
				ENABLE_NS_ASSERTIONS = NO;
				ENABLE_STRICT_OBJC_MSGSEND = YES;
				ENABLE_USER_SCRIPT_SANDBOXING = NO;
				GCC_C_LANGUAGE_STANDARD = gnu17;
				GCC_NO_COMMON_BLOCKS = YES;
				GCC_WARN_64_TO_32_BIT_CONVERSION = YES;
				GCC_WARN_ABOUT_RETURN_TYPE = YES_ERROR;
				GCC_WARN_UNDECLARED_SELECTOR = YES;
				GCC_WARN_UNINITIALIZED_AUTOS = YES_AGGRESSIVE;
				GCC_WARN_UNUSED_FUNCTION = YES;
				GCC_WARN_UNUSED_VARIABLE = YES;
				IPHONEOS_DEPLOYMENT_TARGET = 17.2;
				LOCALIZATION_PREFERS_STRING_CATALOGS = YES;
				MTL_ENABLE_DEBUG_INFO = NO;
				MTL_FAST_MATH = YES;
				SDKROOT = iphoneos;
				SWIFT_COMPILATION_MODE = wholemodule;
				VALIDATE_PRODUCT = YES;
			};
			name = Release;
		};
		261F44C32B25B93E00080669 /* Debug */ = {
			isa = XCBuildConfiguration;
			baseConfigurationReference = 5179FECCE44B63CB2672945E /* Pods-moneyQuiz.debug.xcconfig */;
			buildSettings = {
				ASSETCATALOG_COMPILER_APPICON_NAME = AppIcon;
				ASSETCATALOG_COMPILER_GLOBAL_ACCENT_COLOR_NAME = AccentColor;
				CODE_SIGN_STYLE = Automatic;
				CURRENT_PROJECT_VERSION = 1;
				DEVELOPMENT_ASSET_PATHS = "\"moneyQuiz/Preview Content\"";
				DEVELOPMENT_TEAM = F3XS565TSX;
				ENABLE_PREVIEWS = YES;
				GENERATE_INFOPLIST_FILE = YES;
				INFOPLIST_FILE = moneyQuiz/Info.plist;
				INFOPLIST_KEY_UIApplicationSceneManifest_Generation = YES;
				INFOPLIST_KEY_UIApplicationSupportsIndirectInputEvents = YES;
				INFOPLIST_KEY_UILaunchScreen_Generation = YES;
				INFOPLIST_KEY_UISupportedInterfaceOrientations_iPad = "UIInterfaceOrientationPortrait UIInterfaceOrientationPortraitUpsideDown UIInterfaceOrientationLandscapeLeft UIInterfaceOrientationLandscapeRight";
				INFOPLIST_KEY_UISupportedInterfaceOrientations_iPhone = "UIInterfaceOrientationPortrait UIInterfaceOrientationLandscapeLeft UIInterfaceOrientationLandscapeRight";
				IPHONEOS_DEPLOYMENT_TARGET = 16.0;
				LD_RUNPATH_SEARCH_PATHS = (
					"$(inherited)",
					"@executable_path/Frameworks",
				);
				MARKETING_VERSION = 1.0;
				ONLY_ACTIVE_ARCH = YES;
				PRODUCT_BUNDLE_IDENTIFIER = "Swift-Beginners-app.moneyQuiz";
				PRODUCT_NAME = "$(TARGET_NAME)";
				SWIFT_EMIT_LOC_STRINGS = YES;
				SWIFT_VERSION = 5.0;
				TARGETED_DEVICE_FAMILY = "1,2";
			};
			name = Debug;
		};
		261F44C42B25B93E00080669 /* Release */ = {
			isa = XCBuildConfiguration;
			baseConfigurationReference = 8BFB83CE6250694AD6A58DDA /* Pods-moneyQuiz.release.xcconfig */;
			buildSettings = {
				ASSETCATALOG_COMPILER_APPICON_NAME = AppIcon;
				ASSETCATALOG_COMPILER_GLOBAL_ACCENT_COLOR_NAME = AccentColor;
				CODE_SIGN_STYLE = Automatic;
				CURRENT_PROJECT_VERSION = 1;
				DEVELOPMENT_ASSET_PATHS = "\"moneyQuiz/Preview Content\"";
				DEVELOPMENT_TEAM = F3XS565TSX;
				ENABLE_PREVIEWS = YES;
				GENERATE_INFOPLIST_FILE = YES;
				INFOPLIST_FILE = moneyQuiz/Info.plist;
				INFOPLIST_KEY_UIApplicationSceneManifest_Generation = YES;
				INFOPLIST_KEY_UIApplicationSupportsIndirectInputEvents = YES;
				INFOPLIST_KEY_UILaunchScreen_Generation = YES;
				INFOPLIST_KEY_UISupportedInterfaceOrientations_iPad = "UIInterfaceOrientationPortrait UIInterfaceOrientationPortraitUpsideDown UIInterfaceOrientationLandscapeLeft UIInterfaceOrientationLandscapeRight";
				INFOPLIST_KEY_UISupportedInterfaceOrientations_iPhone = "UIInterfaceOrientationPortrait UIInterfaceOrientationLandscapeLeft UIInterfaceOrientationLandscapeRight";
				IPHONEOS_DEPLOYMENT_TARGET = 16.0;
				LD_RUNPATH_SEARCH_PATHS = (
					"$(inherited)",
					"@executable_path/Frameworks",
				);
				MARKETING_VERSION = 1.0;
				ONLY_ACTIVE_ARCH = NO;
				PRODUCT_BUNDLE_IDENTIFIER = "Swift-Beginners-app.moneyQuiz";
				PRODUCT_NAME = "$(TARGET_NAME)";
				SWIFT_EMIT_LOC_STRINGS = YES;
				SWIFT_VERSION = 5.0;
				TARGETED_DEVICE_FAMILY = "1,2";
			};
			name = Release;
		};
/* End XCBuildConfiguration section */

/* Begin XCConfigurationList section */
		261F44AF2B25B93C00080669 /* Build configuration list for PBXProject "moneyQuiz" */ = {
			isa = XCConfigurationList;
			buildConfigurations = (
				261F44C02B25B93E00080669 /* Debug */,
				261F44C12B25B93E00080669 /* Release */,
			);
			defaultConfigurationIsVisible = 0;
			defaultConfigurationName = Release;
		};
		261F44C22B25B93E00080669 /* Build configuration list for PBXNativeTarget "moneyQuiz" */ = {
			isa = XCConfigurationList;
			buildConfigurations = (
				261F44C32B25B93E00080669 /* Debug */,
				261F44C42B25B93E00080669 /* Release */,
			);
			defaultConfigurationIsVisible = 0;
			defaultConfigurationName = Release;
		};
/* End XCConfigurationList section */
	};
	rootObject = 261F44AC2B25B93C00080669 /* Project object */;
}
