// !$*UTF8*$!
{
	archiveVersion = 1;
	classes = {
	};
	objectVersion = 56;
	objects = {

/* Begin PBXBuildFile section */
		180A9FBF2CD71BCD00B35C83 /* ChangeNameView.swift in Sources */ = {isa = PBXBuildFile; fileRef = 180A9FBE2CD71BCD00B35C83 /* ChangeNameView.swift */; };
		180A9FC32CD71BF800B35C83 /* TutorialModalView.swift in Sources */ = {isa = PBXBuildFile; fileRef = 180A9FC22CD71BF800B35C83 /* TutorialModalView.swift */; };
		180A9FCB2CE21DA000B35C83 /* StampAnimationView.swift in Sources */ = {isa = PBXBuildFile; fileRef = 180A9FCA2CE21DA000B35C83 /* StampAnimationView.swift */; };
		180A9FCD2CE21F3500B35C83 /* 称号.mp3 in Resources */ = {isa = PBXBuildFile; fileRef = 180A9FCC2CE21F3400B35C83 /* 称号.mp3 */; };
		181F7DD22B7349B10013629C /* RankingView.swift in Sources */ = {isa = PBXBuildFile; fileRef = 181F7DD12B7349B10013629C /* RankingView.swift */; };
		1820AE072B518A5B00BBA679 /* AppVersionMonitorSwiftUI in Frameworks */ = {isa = PBXBuildFile; productRef = 1820AE062B518A5B00BBA679 /* AppVersionMonitorSwiftUI */; };
		18236D622BC17AB5009C6CEB /* ContactView.swift in Sources */ = {isa = PBXBuildFile; fileRef = 18236D612BC17AB5009C6CEB /* ContactView.swift */; };
		1823945B2CBB54FB00A875BF /* ReviewView.swift in Sources */ = {isa = PBXBuildFile; fileRef = 1823945A2CBB54FB00A875BF /* ReviewView.swift */; };
		1823945D2CBB558D00A875BF /* StoreKit.swift in Sources */ = {isa = PBXBuildFile; fileRef = 1823945C2CBB558D00A875BF /* StoreKit.swift */; };
		182534342CCE6164001CFE16 /* SplashScreenView.swift in Sources */ = {isa = PBXBuildFile; fileRef = 182534332CCE6164001CFE16 /* SplashScreenView.swift */; };
		183A77852CB3EB630000B839 /* StoreKit.framework in Frameworks */ = {isa = PBXBuildFile; fileRef = 183A77842CB3EB630000B839 /* StoreKit.framework */; };
		183A77892CB40F420000B839 /* HelpModalView.swift in Sources */ = {isa = PBXBuildFile; fileRef = 183A77882CB40F420000B839 /* HelpModalView.swift */; };
		18996F062B63742900B72123 /* RewardTimesModal.swift in Sources */ = {isa = PBXBuildFile; fileRef = 18996F052B63742900B72123 /* RewardTimesModal.swift */; };
		18A44FF82CA7A4D200907CF6 /* StoreKit.storekit in Resources */ = {isa = PBXBuildFile; fileRef = 18A44FF72CA7A4D200907CF6 /* StoreKit.storekit */; };
		18A44FFA2CA7A52900907CF6 /* SubscriptionView.swift in Sources */ = {isa = PBXBuildFile; fileRef = 18A44FF92CA7A52900907CF6 /* SubscriptionView.swift */; };
		18A44FFC2CA7A55100907CF6 /* PreView.swift in Sources */ = {isa = PBXBuildFile; fileRef = 18A44FFB2CA7A55100907CF6 /* PreView.swift */; };
		18B87A8D2B660178007EAA25 /* キャンセル.mp3 in Resources */ = {isa = PBXBuildFile; fileRef = 18B87A7F2B660178007EAA25 /* キャンセル.mp3 */; };
		18B87A8E2B660178007EAA25 /* soundKettei.mp3 in Resources */ = {isa = PBXBuildFile; fileRef = 18B87A802B660178007EAA25 /* soundKettei.mp3 */; };
		18B87A8F2B660178007EAA25 /* ホームに戻る.mp3 in Resources */ = {isa = PBXBuildFile; fileRef = 18B87A812B660178007EAA25 /* ホームに戻る.mp3 */; };
		18B87A922B660178007EAA25 /* 不正解.mp3 in Resources */ = {isa = PBXBuildFile; fileRef = 18B87A842B660178007EAA25 /* 不正解.mp3 */; };
		18B87A932B660178007EAA25 /* レベルアップ.mp3 in Resources */ = {isa = PBXBuildFile; fileRef = 18B87A852B660178007EAA25 /* レベルアップ.mp3 */; };
		18B87A942B660178007EAA25 /* おとも切り替え.mp3 in Resources */ = {isa = PBXBuildFile; fileRef = 18B87A862B660178007EAA25 /* おとも切り替え.mp3 */; };
		18B87A952B660178007EAA25 /* 敵攻撃.mp3 in Resources */ = {isa = PBXBuildFile; fileRef = 18B87A872B660178007EAA25 /* 敵攻撃.mp3 */; };
		18B87A962B660178007EAA25 /* カウントダウン.mp3 in Resources */ = {isa = PBXBuildFile; fileRef = 18B87A882B660178007EAA25 /* カウントダウン.mp3 */; };
		18B87A982B660178007EAA25 /* 味方攻撃.mp3 in Resources */ = {isa = PBXBuildFile; fileRef = 18B87A8A2B660178007EAA25 /* 味方攻撃.mp3 */; };
		18B87A992B660178007EAA25 /* 倒れる.mp3 in Resources */ = {isa = PBXBuildFile; fileRef = 18B87A8B2B660178007EAA25 /* 倒れる.mp3 */; };
		18B87A9A2B660178007EAA25 /* 正解.mp3 in Resources */ = {isa = PBXBuildFile; fileRef = 18B87A8C2B660178007EAA25 /* 正解.mp3 */; };
		18B9DFB52B66A5F000E5AEFD /* sound.mp3 in Resources */ = {isa = PBXBuildFile; fileRef = 18B9DFB42B66A5F000E5AEFD /* sound.mp3 */; };
		18C37B152D0EFF3300326A2E /* ProgressExpBar.swift in Sources */ = {isa = PBXBuildFile; fileRef = 18C37B142D0EFF3300326A2E /* ProgressExpBar.swift */; };
		18C37B192D12D9A300326A2E /* StoryView.swift in Sources */ = {isa = PBXBuildFile; fileRef = 18C37B182D12D9A300326A2E /* StoryView.swift */; };
		18C37B1B2D12DDC900326A2E /* ProgressStoryView.swift in Sources */ = {isa = PBXBuildFile; fileRef = 18C37B1A2D12DDC900326A2E /* ProgressStoryView.swift */; };
		18C37B1D2D12FFE700326A2E /* StorySutaminaModalView.swift in Sources */ = {isa = PBXBuildFile; fileRef = 18C37B1C2D12FFE700326A2E /* StorySutaminaModalView.swift */; };
		18C37B1F2D13019E00326A2E /* StoryCoinModalView.swift in Sources */ = {isa = PBXBuildFile; fileRef = 18C37B1E2D13019E00326A2E /* StoryCoinModalView.swift */; };
		18C37B212D1301C400326A2E /* StoryMonsterModalView.swift in Sources */ = {isa = PBXBuildFile; fileRef = 18C37B202D1301C400326A2E /* StoryMonsterModalView.swift */; };
		18C37B232D13020100326A2E /* TutorialStoryModalView.swift in Sources */ = {isa = PBXBuildFile; fileRef = 18C37B222D13020100326A2E /* TutorialStoryModalView.swift */; };
		18C37B252D13022100326A2E /* HelpStoryModalView.swift in Sources */ = {isa = PBXBuildFile; fileRef = 18C37B242D13022000326A2E /* HelpStoryModalView.swift */; };
		18C37B272D13026800326A2E /* StorySankyuListView.swift in Sources */ = {isa = PBXBuildFile; fileRef = 18C37B262D13026800326A2E /* StorySankyuListView.swift */; };
		18C37B292D1302AB00326A2E /* StoryQuizView.swift in Sources */ = {isa = PBXBuildFile; fileRef = 18C37B282D1302AB00326A2E /* StoryQuizView.swift */; };
		18C37B2B2D1305F800326A2E /* RankModalView.swift in Sources */ = {isa = PBXBuildFile; fileRef = 18C37B2A2D1305F800326A2E /* RankModalView.swift */; };
		18C37B2D2D13061300326A2E /* SubModalView.swift in Sources */ = {isa = PBXBuildFile; fileRef = 18C37B2C2D13061300326A2E /* SubModalView.swift */; };
		18C37B2F2D13065A00326A2E /* StoryQuizResultView.swift in Sources */ = {isa = PBXBuildFile; fileRef = 18C37B2E2D13065A00326A2E /* StoryQuizResultView.swift */; };
		18C37B312D1306EA00326A2E /* StoryNikyuListView.swift in Sources */ = {isa = PBXBuildFile; fileRef = 18C37B302D1306EA00326A2E /* StoryNikyuListView.swift */; };
		18C37B332D1313E000326A2E /* InterstitialStory.swift in Sources */ = {isa = PBXBuildFile; fileRef = 18C37B322D1313E000326A2E /* InterstitialStory.swift */; };
		18CE116A2BC9730A001C1016 /* ContentView.swift in Sources */ = {isa = PBXBuildFile; fileRef = 18CE11692BC9730A001C1016 /* ContentView.swift */; };
		18CE116C2BC97349001C1016 /* AuthManager.swift in Sources */ = {isa = PBXBuildFile; fileRef = 18CE116B2BC97348001C1016 /* AuthManager.swift */; };
		18CE116E2BC97363001C1016 /* PentagonShape.swift in Sources */ = {isa = PBXBuildFile; fileRef = 18CE116D2BC97363001C1016 /* PentagonShape.swift */; };
		18CE11702BC97374001C1016 /* ModalView.swift in Sources */ = {isa = PBXBuildFile; fileRef = 18CE116F2BC97374001C1016 /* ModalView.swift */; };
		18CE11722BC9738A001C1016 /* GachaManagerView.swift in Sources */ = {isa = PBXBuildFile; fileRef = 18CE11712BC9738A001C1016 /* GachaManagerView.swift */; };
		18CE11742BC973D3001C1016 /* AnswerSelectionView.swift in Sources */ = {isa = PBXBuildFile; fileRef = 18CE11732BC973D3001C1016 /* AnswerSelectionView.swift */; };
		18CE11762BC973E7001C1016 /* RateManager.swift in Sources */ = {isa = PBXBuildFile; fileRef = 18CE11752BC973E7001C1016 /* RateManager.swift */; };
		18CE11782BC983E3001C1016 /* AvatarListView.swift in Sources */ = {isa = PBXBuildFile; fileRef = 18CE11772BC983E3001C1016 /* AvatarListView.swift */; };
		18CE117A2BC983F6001C1016 /* SettingView.swift in Sources */ = {isa = PBXBuildFile; fileRef = 18CE11792BC983F6001C1016 /* SettingView.swift */; };
		18CE117C2BC98406001C1016 /* IllustratedView.swift in Sources */ = {isa = PBXBuildFile; fileRef = 18CE117B2BC98406001C1016 /* IllustratedView.swift */; };
		18CE117E2BC9841A001C1016 /* Interstitial.swift in Sources */ = {isa = PBXBuildFile; fileRef = 18CE117D2BC9841A001C1016 /* Interstitial.swift */; };
		18CE11802BC98441001C1016 /* AudioManager.swift in Sources */ = {isa = PBXBuildFile; fileRef = 18CE117F2BC98441001C1016 /* AudioManager.swift */; };
		18CE11822BC9844D001C1016 /* LoadingView.swift in Sources */ = {isa = PBXBuildFile; fileRef = 18CE11812BC9844D001C1016 /* LoadingView.swift */; };
		18CE11842BC9845A001C1016 /* LoginModalView.swift in Sources */ = {isa = PBXBuildFile; fileRef = 18CE11832BC9845A001C1016 /* LoginModalView.swift */; };
		18CE11862BC98466001C1016 /* ProgressBar3.swift in Sources */ = {isa = PBXBuildFile; fileRef = 18CE11852BC98466001C1016 /* ProgressBar3.swift */; };
		18CE11882BC98473001C1016 /* MemoView.swift in Sources */ = {isa = PBXBuildFile; fileRef = 18CE11872BC98473001C1016 /* MemoView.swift */; };
		18CE118A2BC98481001C1016 /* RewardModalView.swift in Sources */ = {isa = PBXBuildFile; fileRef = 18CE11892BC98481001C1016 /* RewardModalView.swift */; };
		18CE118C2BC98499001C1016 /* TimerView.swift in Sources */ = {isa = PBXBuildFile; fileRef = 18CE118B2BC98499001C1016 /* TimerView.swift */; };
		18CE118E2BC984A5001C1016 /* RootView.swift in Sources */ = {isa = PBXBuildFile; fileRef = 18CE118D2BC984A5001C1016 /* RootView.swift */; };
		18CE11952BC984C8001C1016 /* TopView.swift in Sources */ = {isa = PBXBuildFile; fileRef = 18CE118F2BC984C8001C1016 /* TopView.swift */; };
		18CE11962BC984C8001C1016 /* GachaView.swift in Sources */ = {isa = PBXBuildFile; fileRef = 18CE11902BC984C8001C1016 /* GachaView.swift */; };
		18CE11972BC984C8001C1016 /* GachaAnimationView.swift in Sources */ = {isa = PBXBuildFile; fileRef = 18CE11912BC984C8001C1016 /* GachaAnimationView.swift */; };
		18CE11982BC984C8001C1016 /* RareGachaView.swift in Sources */ = {isa = PBXBuildFile; fileRef = 18CE11922BC984C8001C1016 /* RareGachaView.swift */; };
		18CE11992BC984C8001C1016 /* SignUp.swift in Sources */ = {isa = PBXBuildFile; fileRef = 18CE11932BC984C8001C1016 /* SignUp.swift */; };
		18CE119A2BC984C8001C1016 /* RewardView.swift in Sources */ = {isa = PBXBuildFile; fileRef = 18CE11942BC984C8001C1016 /* RewardView.swift */; };
		18CE119D2BC984E4001C1016 /* ゲームクリア.mp3 in Resources */ = {isa = PBXBuildFile; fileRef = 18CE119B2BC984E4001C1016 /* ゲームクリア.mp3 */; };
		18CE119E2BC984E4001C1016 /* ゲームオーバー.mp3 in Resources */ = {isa = PBXBuildFile; fileRef = 18CE119C2BC984E4001C1016 /* ゲームオーバー.mp3 */; };
		18D090682CA7F46800F8B8D8 /* ManagerView.swift in Sources */ = {isa = PBXBuildFile; fileRef = 18D090672CA7F46800F8B8D8 /* ManagerView.swift */; };
		18D0906A2CA7FC2800F8B8D8 /* QuizFPManagerView.swift in Sources */ = {isa = PBXBuildFile; fileRef = 18D090692CA7FC2800F8B8D8 /* QuizFPManagerView.swift */; };
		18D090702CA81C5600F8B8D8 /* QuizTangoManager.swift in Sources */ = {isa = PBXBuildFile; fileRef = 18D0906D2CA81C5600F8B8D8 /* QuizTangoManager.swift */; };
		18D090712CA81C5600F8B8D8 /* QuizJukugoManager.swift in Sources */ = {isa = PBXBuildFile; fileRef = 18D0906E2CA81C5600F8B8D8 /* QuizJukugoManager.swift */; };
		18D090722CA81C5600F8B8D8 /* QuizBunpouManager.swift in Sources */ = {isa = PBXBuildFile; fileRef = 18D0906F2CA81C5600F8B8D8 /* QuizBunpouManager.swift */; };
		18D090782CA81C9500F8B8D8 /* QuizTango2List.swift in Sources */ = {isa = PBXBuildFile; fileRef = 18D090732CA81C9500F8B8D8 /* QuizTango2List.swift */; };
		18D090792CA81C9500F8B8D8 /* QuizTango1List.swift in Sources */ = {isa = PBXBuildFile; fileRef = 18D090742CA81C9500F8B8D8 /* QuizTango1List.swift */; };
		18D0907B2CA81C9500F8B8D8 /* QuizTangoJun1List.swift in Sources */ = {isa = PBXBuildFile; fileRef = 18D090762CA81C9500F8B8D8 /* QuizTangoJun1List.swift */; };
		18D0907C2CA81C9500F8B8D8 /* QuizTangoJun2List.swift in Sources */ = {isa = PBXBuildFile; fileRef = 18D090772CA81C9500F8B8D8 /* QuizTangoJun2List.swift */; };
		18D090802CA81CAA00F8B8D8 /* QuizIncorrectTangoAnswerListView.swift in Sources */ = {isa = PBXBuildFile; fileRef = 18D0907D2CA81CAA00F8B8D8 /* QuizIncorrectTangoAnswerListView.swift */; };
		18D090812CA81CAA00F8B8D8 /* QuizIncorrectBunpouAnswerListView.swift in Sources */ = {isa = PBXBuildFile; fileRef = 18D0907E2CA81CAA00F8B8D8 /* QuizIncorrectBunpouAnswerListView.swift */; };
		18D090822CA81CAA00F8B8D8 /* QuizIncorrectJukugoAnswerListView.swift in Sources */ = {isa = PBXBuildFile; fileRef = 18D0907F2CA81CAA00F8B8D8 /* QuizIncorrectJukugoAnswerListView.swift */; };
		18D090872CA81CF200F8B8D8 /* QuizJukugoJun2List.swift in Sources */ = {isa = PBXBuildFile; fileRef = 18D090832CA81CF200F8B8D8 /* QuizJukugoJun2List.swift */; };
		18D090882CA81CF200F8B8D8 /* QuizJukugo3List.swift in Sources */ = {isa = PBXBuildFile; fileRef = 18D090842CA81CF200F8B8D8 /* QuizJukugo3List.swift */; };
		18D090892CA81CF200F8B8D8 /* QuizJukugo2List.swift in Sources */ = {isa = PBXBuildFile; fileRef = 18D090852CA81CF200F8B8D8 /* QuizJukugo2List.swift */; };
		18D0908A2CA81CF200F8B8D8 /* QuizJukugoJun1List.swift in Sources */ = {isa = PBXBuildFile; fileRef = 18D090862CA81CF200F8B8D8 /* QuizJukugoJun1List.swift */; };
		18D090922CA81D1E00F8B8D8 /* QuizBunpouJunAdvancedList.swift in Sources */ = {isa = PBXBuildFile; fileRef = 18D0908B2CA81D1E00F8B8D8 /* QuizBunpouJunAdvancedList.swift */; };
		18D090932CA81D1E00F8B8D8 /* QuizBunpouBeginnerList.swift in Sources */ = {isa = PBXBuildFile; fileRef = 18D0908C2CA81D1E00F8B8D8 /* QuizBunpouBeginnerList.swift */; };
		18D090942CA81D1E00F8B8D8 /* QuizJunBunpouBeginnerList.swift in Sources */ = {isa = PBXBuildFile; fileRef = 18D0908D2CA81D1E00F8B8D8 /* QuizJunBunpouBeginnerList.swift */; };
		18D090952CA81D1E00F8B8D8 /* QuizBunpouJunIntermediateList.swift in Sources */ = {isa = PBXBuildFile; fileRef = 18D0908E2CA81D1E00F8B8D8 /* QuizBunpouJunIntermediateList.swift */; };
		18D090962CA81D1E00F8B8D8 /* QuizBunpouJunBeginnerList.swift in Sources */ = {isa = PBXBuildFile; fileRef = 18D0908F2CA81D1E00F8B8D8 /* QuizBunpouJunBeginnerList.swift */; };
		18D090972CA81D1E00F8B8D8 /* QuizBunpouAdvancedList.swift in Sources */ = {isa = PBXBuildFile; fileRef = 18D090902CA81D1E00F8B8D8 /* QuizBunpouAdvancedList.swift */; };
		18D090982CA81D1E00F8B8D8 /* QuizBunpouIntermediateList.swift in Sources */ = {isa = PBXBuildFile; fileRef = 18D090912CA81D1E00F8B8D8 /* QuizBunpouIntermediateList.swift */; };
		18D0909A2CA862B500F8B8D8 /* QuizToeicJukugoBeginnerList.swift in Sources */ = {isa = PBXBuildFile; fileRef = 18D090992CA862B500F8B8D8 /* QuizToeicJukugoBeginnerList.swift */; };
		18D0909C2CA8630A00F8B8D8 /* QuizToeicJukugoIntermediateList.swift in Sources */ = {isa = PBXBuildFile; fileRef = 18D0909B2CA8630A00F8B8D8 /* QuizToeicJukugoIntermediateList.swift */; };
		18D090A02CA8684400F8B8D8 /* QuizToeicTangoAdvancedList.swift in Sources */ = {isa = PBXBuildFile; fileRef = 18D0909D2CA8684400F8B8D8 /* QuizToeicTangoAdvancedList.swift */; };
		18D090A12CA8684400F8B8D8 /* QuizToeicTangoBeginnerList.swift in Sources */ = {isa = PBXBuildFile; fileRef = 18D0909E2CA8684400F8B8D8 /* QuizToeicTangoBeginnerList.swift */; };
		18D090A22CA8684400F8B8D8 /* QuizToeicTangoIntermediateList.swift in Sources */ = {isa = PBXBuildFile; fileRef = 18D0909F2CA8684400F8B8D8 /* QuizToeicTangoIntermediateList.swift */; };
		18D090A42CA9908300F8B8D8 /* QuizTango3List.swift in Sources */ = {isa = PBXBuildFile; fileRef = 18D090A32CA9908300F8B8D8 /* QuizTango3List.swift */; };
		18D090A82CB0BC8700F8B8D8 /* QuizFPTabManagerView.swift in Sources */ = {isa = PBXBuildFile; fileRef = 18D090A72CB0BC8700F8B8D8 /* QuizFPTabManagerView.swift */; };
		18D090AC2CB2273000F8B8D8 /* PentagonTangoShape.swift in Sources */ = {isa = PBXBuildFile; fileRef = 18D090AB2CB2273000F8B8D8 /* PentagonTangoShape.swift */; };
		18D090B22CB2318E00F8B8D8 /* PentagonJukugoShape.swift in Sources */ = {isa = PBXBuildFile; fileRef = 18D090B12CB2318E00F8B8D8 /* PentagonJukugoShape.swift */; };
		18D090B42CB231A900F8B8D8 /* PentagonBunpouShape.swift in Sources */ = {isa = PBXBuildFile; fileRef = 18D090B32CB231A900F8B8D8 /* PentagonBunpouShape.swift */; };
		18D090B62CB2396A00F8B8D8 /* PentagonManagerView.swift in Sources */ = {isa = PBXBuildFile; fileRef = 18D090B52CB2396A00F8B8D8 /* PentagonManagerView.swift */; };
		18D090B82CB2D84000F8B8D8 /* QuizTangoTabManager.swift in Sources */ = {isa = PBXBuildFile; fileRef = 18D090B72CB2D84000F8B8D8 /* QuizTangoTabManager.swift */; };
		18E818552B5ADDD000595669 /* QuizManagerTabView.swift in Sources */ = {isa = PBXBuildFile; fileRef = 18E818542B5ADDD000595669 /* QuizManagerTabView.swift */; };
		26071BDF2B25EB290012B836 /* QuizView.swift in Sources */ = {isa = PBXBuildFile; fileRef = 26071BD22B25EA800012B836 /* QuizView.swift */; };
		26071BE02B25EB290012B836 /* QuizResultView.swift in Sources */ = {isa = PBXBuildFile; fileRef = 26071BD52B25EA860012B836 /* QuizResultView.swift */; };
		26071BE12B25EB290012B836 /* QuizDailyList.swift in Sources */ = {isa = PBXBuildFile; fileRef = 26071BD12B25EA7E0012B836 /* QuizDailyList.swift */; };
		26071BE22B25EB290012B836 /* QuizIntermediateList.swift in Sources */ = {isa = PBXBuildFile; fileRef = 26071BD32B25EA810012B836 /* QuizIntermediateList.swift */; };
		26071BE32B25EB290012B836 /* QuizManagerView.swift in Sources */ = {isa = PBXBuildFile; fileRef = 26071BD72B25EA8B0012B836 /* QuizManagerView.swift */; };
		26071BE52B25EB290012B836 /* QuizDatabaseList.swift in Sources */ = {isa = PBXBuildFile; fileRef = 26071BD42B25EA830012B836 /* QuizDatabaseList.swift */; };
		26071BE72B25EB290012B836 /* QuizHtmlCssView.swift in Sources */ = {isa = PBXBuildFile; fileRef = 26071BDA2B25EA920012B836 /* QuizHtmlCssView.swift */; };
		26071BE82B25EB290012B836 /* QuizGodList.swift in Sources */ = {isa = PBXBuildFile; fileRef = 26071BDC2B25EA930012B836 /* QuizGodList.swift */; };
		26071BE92B25EB290012B836 /* QuizBeginnerList.swift in Sources */ = {isa = PBXBuildFile; fileRef = 26071BD02B25EA750012B836 /* QuizBeginnerList.swift */; };
		26071BEA2B25EB290012B836 /* QuizSecurityList.swift in Sources */ = {isa = PBXBuildFile; fileRef = 26071BDD2B25EA950012B836 /* QuizSecurityList.swift */; };
		26071BEB2B25EB290012B836 /* QuizAdvancedList.swift in Sources */ = {isa = PBXBuildFile; fileRef = 26071BD92B25EA8E0012B836 /* QuizAdvancedList.swift */; };
		26071BEC2B25EB290012B836 /* QuizNetworkList.swift in Sources */ = {isa = PBXBuildFile; fileRef = 26071BD62B25EA880012B836 /* QuizNetworkList.swift */; };
		26071BF02B2746B60012B836 /* ModalExplanationView.swift in Sources */ = {isa = PBXBuildFile; fileRef = 26071BEF2B2746B60012B836 /* ModalExplanationView.swift */; };
		26071BF22B2A73AD0012B836 /* ModalTimeoutView.swift in Sources */ = {isa = PBXBuildFile; fileRef = 26071BF12B2A73AD0012B836 /* ModalTimeoutView.swift */; };
		261F44B82B25B93C00080669 /* moneyQuizApp.swift in Sources */ = {isa = PBXBuildFile; fileRef = 261F44B72B25B93C00080669 /* moneyQuizApp.swift */; };
		261F44BC2B25B93E00080669 /* Assets.xcassets in Resources */ = {isa = PBXBuildFile; fileRef = 261F44BB2B25B93E00080669 /* Assets.xcassets */; };
		261F44BF2B25B93E00080669 /* Preview Assets.xcassets in Resources */ = {isa = PBXBuildFile; fileRef = 261F44BE2B25B93E00080669 /* Preview Assets.xcassets */; };
		261F45192B25BE8C00080669 /* PrivacyView.swift in Sources */ = {isa = PBXBuildFile; fileRef = 261F45172B25BE8C00080669 /* PrivacyView.swift */; };
		261F451A2B25BE8C00080669 /* TermsOfServiceView.swift in Sources */ = {isa = PBXBuildFile; fileRef = 261F45182B25BE8C00080669 /* TermsOfServiceView.swift */; };
		26228EEA2B463016009D59ED /* TittlesView.swift in Sources */ = {isa = PBXBuildFile; fileRef = 26228EE92B463016009D59ED /* TittlesView.swift */; };
		26280CFC2B47D02A006D96B6 /* ModalTittleView.swift in Sources */ = {isa = PBXBuildFile; fileRef = 26280CFB2B47D02A006D96B6 /* ModalTittleView.swift */; };
		263086232B3AD84800D8BD76 /* Charts.framework in Frameworks */ = {isa = PBXBuildFile; fileRef = 263086222B3AD84800D8BD76 /* Charts.framework */; };
		264CE41F2B3EFE5B00CFC826 /* GraphManagerView.swift in Sources */ = {isa = PBXBuildFile; fileRef = 264CE41E2B3EFE5B00CFC826 /* GraphManagerView.swift */; };
		26502AA12B43181A00ACFBF1 /* HelpView.swift in Sources */ = {isa = PBXBuildFile; fileRef = 26502AA02B43181A00ACFBF1 /* HelpView.swift */; };
		26507AA72B4477D4001A7F9E /* GoogleService-Info.plist in Resources */ = {isa = PBXBuildFile; fileRef = 26507AA62B4477D4001A7F9E /* GoogleService-Info.plist */; };
		265DDFFF2B3D1A73004BF2B2 /* AppState.swift in Sources */ = {isa = PBXBuildFile; fileRef = 265DDFFE2B3D1A73004BF2B2 /* AppState.swift */; };
		267D0C972B33388600A8D4ED /* BarChartView.swift in Sources */ = {isa = PBXBuildFile; fileRef = 267D0C962B33388600A8D4ED /* BarChartView.swift */; };
		26F229012B2D8CA600760F40 /* QuizIncorrectAnswerListView.swift in Sources */ = {isa = PBXBuildFile; fileRef = 26F229002B2D8CA600760F40 /* QuizIncorrectAnswerListView.swift */; };
		26F229032B302B0600760F40 /* ModalReturnView.swift in Sources */ = {isa = PBXBuildFile; fileRef = 26F229022B302B0600760F40 /* ModalReturnView.swift */; };
		26F229052B3173AC00760F40 /* Banner.swift in Sources */ = {isa = PBXBuildFile; fileRef = 26F229042B3173AC00760F40 /* Banner.swift */; };
		7D745C106B339DF249B98095 /* Pods_moneyQuiz.framework in Frameworks */ = {isa = PBXBuildFile; fileRef = CD72B6F6625FF739A1731D87 /* Pods_moneyQuiz.framework */; };
/* End PBXBuildFile section */

/* Begin PBXFileReference section */
		180A9FBE2CD71BCD00B35C83 /* ChangeNameView.swift */ = {isa = PBXFileReference; lastKnownFileType = sourcecode.swift; path = ChangeNameView.swift; sourceTree = "<group>"; };
		180A9FC22CD71BF800B35C83 /* TutorialModalView.swift */ = {isa = PBXFileReference; lastKnownFileType = sourcecode.swift; path = TutorialModalView.swift; sourceTree = "<group>"; };
		180A9FCA2CE21DA000B35C83 /* StampAnimationView.swift */ = {isa = PBXFileReference; lastKnownFileType = sourcecode.swift; path = StampAnimationView.swift; sourceTree = "<group>"; };
		180A9FCC2CE21F3400B35C83 /* 称号.mp3 */ = {isa = PBXFileReference; lastKnownFileType = audio.mp3; name = "称号.mp3"; path = "Assets.xcassets/称号.mp3"; sourceTree = "<group>"; };
		181F7DD12B7349B10013629C /* RankingView.swift */ = {isa = PBXFileReference; lastKnownFileType = sourcecode.swift; path = RankingView.swift; sourceTree = "<group>"; };
		18236D612BC17AB5009C6CEB /* ContactView.swift */ = {isa = PBXFileReference; lastKnownFileType = sourcecode.swift; path = ContactView.swift; sourceTree = "<group>"; };
		1823945A2CBB54FB00A875BF /* ReviewView.swift */ = {isa = PBXFileReference; lastKnownFileType = sourcecode.swift; path = ReviewView.swift; sourceTree = "<group>"; };
		1823945C2CBB558D00A875BF /* StoreKit.swift */ = {isa = PBXFileReference; lastKnownFileType = sourcecode.swift; path = StoreKit.swift; sourceTree = "<group>"; };
		182534332CCE6164001CFE16 /* SplashScreenView.swift */ = {isa = PBXFileReference; lastKnownFileType = sourcecode.swift; path = SplashScreenView.swift; sourceTree = "<group>"; };
		183A77842CB3EB630000B839 /* StoreKit.framework */ = {isa = PBXFileReference; lastKnownFileType = wrapper.framework; name = StoreKit.framework; path = System/Library/Frameworks/StoreKit.framework; sourceTree = SDKROOT; };
		183A77882CB40F420000B839 /* HelpModalView.swift */ = {isa = PBXFileReference; lastKnownFileType = sourcecode.swift; path = HelpModalView.swift; sourceTree = "<group>"; };
		18996F052B63742900B72123 /* RewardTimesModal.swift */ = {isa = PBXFileReference; lastKnownFileType = sourcecode.swift; path = RewardTimesModal.swift; sourceTree = "<group>"; };
		18A44FF72CA7A4D200907CF6 /* StoreKit.storekit */ = {isa = PBXFileReference; fileEncoding = 4; lastKnownFileType = text; name = StoreKit.storekit; path = ../drill/StoreKit.storekit; sourceTree = "<group>"; };
		18A44FF92CA7A52900907CF6 /* SubscriptionView.swift */ = {isa = PBXFileReference; lastKnownFileType = sourcecode.swift; path = SubscriptionView.swift; sourceTree = "<group>"; };
		18A44FFB2CA7A55100907CF6 /* PreView.swift */ = {isa = PBXFileReference; lastKnownFileType = sourcecode.swift; path = PreView.swift; sourceTree = "<group>"; };
		18B87A7F2B660178007EAA25 /* キャンセル.mp3 */ = {isa = PBXFileReference; lastKnownFileType = audio.mp3; name = "キャンセル.mp3"; path = "../../../Downloads/it 効果音/キャンセル.mp3"; sourceTree = "<group>"; };
		18B87A802B660178007EAA25 /* soundKettei.mp3 */ = {isa = PBXFileReference; lastKnownFileType = audio.mp3; name = soundKettei.mp3; path = "../../../Downloads/it 効果音/soundKettei.mp3"; sourceTree = "<group>"; };
		18B87A812B660178007EAA25 /* ホームに戻る.mp3 */ = {isa = PBXFileReference; lastKnownFileType = audio.mp3; name = "ホームに戻る.mp3"; path = "../../../Downloads/it 効果音/ホームに戻る.mp3"; sourceTree = "<group>"; };
		18B87A842B660178007EAA25 /* 不正解.mp3 */ = {isa = PBXFileReference; lastKnownFileType = audio.mp3; name = "不正解.mp3"; path = "../../../Downloads/it 効果音/不正解.mp3"; sourceTree = "<group>"; };
		18B87A852B660178007EAA25 /* レベルアップ.mp3 */ = {isa = PBXFileReference; lastKnownFileType = audio.mp3; name = "レベルアップ.mp3"; path = "../../../Downloads/it 効果音/レベルアップ.mp3"; sourceTree = "<group>"; };
		18B87A862B660178007EAA25 /* おとも切り替え.mp3 */ = {isa = PBXFileReference; lastKnownFileType = audio.mp3; name = "おとも切り替え.mp3"; path = "../../../Downloads/it 効果音/おとも切り替え.mp3"; sourceTree = "<group>"; };
		18B87A872B660178007EAA25 /* 敵攻撃.mp3 */ = {isa = PBXFileReference; lastKnownFileType = audio.mp3; name = "敵攻撃.mp3"; path = "../../../Downloads/it 効果音/敵攻撃.mp3"; sourceTree = "<group>"; };
		18B87A882B660178007EAA25 /* カウントダウン.mp3 */ = {isa = PBXFileReference; lastKnownFileType = audio.mp3; name = "カウントダウン.mp3"; path = "../../../Downloads/it 効果音/カウントダウン.mp3"; sourceTree = "<group>"; };
		18B87A8A2B660178007EAA25 /* 味方攻撃.mp3 */ = {isa = PBXFileReference; lastKnownFileType = audio.mp3; name = "味方攻撃.mp3"; path = "../../../Downloads/it 効果音/味方攻撃.mp3"; sourceTree = "<group>"; };
		18B87A8B2B660178007EAA25 /* 倒れる.mp3 */ = {isa = PBXFileReference; lastKnownFileType = audio.mp3; name = "倒れる.mp3"; path = "../../../Downloads/it 効果音/倒れる.mp3"; sourceTree = "<group>"; };
		18B87A8C2B660178007EAA25 /* 正解.mp3 */ = {isa = PBXFileReference; lastKnownFileType = audio.mp3; name = "正解.mp3"; path = "../../../Downloads/it 効果音/正解.mp3"; sourceTree = "<group>"; };
		18B9DFB42B66A5F000E5AEFD /* sound.mp3 */ = {isa = PBXFileReference; lastKnownFileType = audio.mp3; name = sound.mp3; path = ../../../Downloads/sound.mp3; sourceTree = "<group>"; };
		18C37B142D0EFF3300326A2E /* ProgressExpBar.swift */ = {isa = PBXFileReference; lastKnownFileType = sourcecode.swift; path = ProgressExpBar.swift; sourceTree = "<group>"; };
		18C37B182D12D9A300326A2E /* StoryView.swift */ = {isa = PBXFileReference; lastKnownFileType = sourcecode.swift; path = StoryView.swift; sourceTree = "<group>"; };
		18C37B1A2D12DDC900326A2E /* ProgressStoryView.swift */ = {isa = PBXFileReference; lastKnownFileType = sourcecode.swift; path = ProgressStoryView.swift; sourceTree = "<group>"; };
		18C37B1C2D12FFE700326A2E /* StorySutaminaModalView.swift */ = {isa = PBXFileReference; lastKnownFileType = sourcecode.swift; path = StorySutaminaModalView.swift; sourceTree = "<group>"; };
		18C37B1E2D13019E00326A2E /* StoryCoinModalView.swift */ = {isa = PBXFileReference; lastKnownFileType = sourcecode.swift; path = StoryCoinModalView.swift; sourceTree = "<group>"; };
		18C37B202D1301C400326A2E /* StoryMonsterModalView.swift */ = {isa = PBXFileReference; lastKnownFileType = sourcecode.swift; path = StoryMonsterModalView.swift; sourceTree = "<group>"; };
		18C37B222D13020100326A2E /* TutorialStoryModalView.swift */ = {isa = PBXFileReference; lastKnownFileType = sourcecode.swift; path = TutorialStoryModalView.swift; sourceTree = "<group>"; };
		18C37B242D13022000326A2E /* HelpStoryModalView.swift */ = {isa = PBXFileReference; lastKnownFileType = sourcecode.swift; path = HelpStoryModalView.swift; sourceTree = "<group>"; };
		18C37B262D13026800326A2E /* StorySankyuListView.swift */ = {isa = PBXFileReference; lastKnownFileType = sourcecode.swift; path = StorySankyuListView.swift; sourceTree = "<group>"; };
		18C37B282D1302AB00326A2E /* StoryQuizView.swift */ = {isa = PBXFileReference; lastKnownFileType = sourcecode.swift; path = StoryQuizView.swift; sourceTree = "<group>"; };
		18C37B2A2D1305F800326A2E /* RankModalView.swift */ = {isa = PBXFileReference; lastKnownFileType = sourcecode.swift; path = RankModalView.swift; sourceTree = "<group>"; };
		18C37B2C2D13061300326A2E /* SubModalView.swift */ = {isa = PBXFileReference; lastKnownFileType = sourcecode.swift; path = SubModalView.swift; sourceTree = "<group>"; };
		18C37B2E2D13065A00326A2E /* StoryQuizResultView.swift */ = {isa = PBXFileReference; lastKnownFileType = sourcecode.swift; path = StoryQuizResultView.swift; sourceTree = "<group>"; };
		18C37B302D1306EA00326A2E /* StoryNikyuListView.swift */ = {isa = PBXFileReference; lastKnownFileType = sourcecode.swift; path = StoryNikyuListView.swift; sourceTree = "<group>"; };
		18C37B322D1313E000326A2E /* InterstitialStory.swift */ = {isa = PBXFileReference; lastKnownFileType = sourcecode.swift; path = InterstitialStory.swift; sourceTree = "<group>"; };
		18CE11692BC9730A001C1016 /* ContentView.swift */ = {isa = PBXFileReference; fileEncoding = 4; lastKnownFileType = sourcecode.swift; name = ContentView.swift; path = "../../その他/名称未設定フォルダ/ContentView.swift"; sourceTree = "<group>"; };
		18CE116B2BC97348001C1016 /* AuthManager.swift */ = {isa = PBXFileReference; fileEncoding = 4; lastKnownFileType = sourcecode.swift; name = AuthManager.swift; path = "../../その他/名称未設定フォルダ/AuthManager.swift"; sourceTree = "<group>"; };
		18CE116D2BC97363001C1016 /* PentagonShape.swift */ = {isa = PBXFileReference; fileEncoding = 4; lastKnownFileType = sourcecode.swift; name = PentagonShape.swift; path = "../../その他/名称未設定フォルダ/PentagonShape.swift"; sourceTree = "<group>"; };
		18CE116F2BC97374001C1016 /* ModalView.swift */ = {isa = PBXFileReference; fileEncoding = 4; lastKnownFileType = sourcecode.swift; name = ModalView.swift; path = "../../その他/名称未設定フォルダ/ModalView.swift"; sourceTree = "<group>"; };
		18CE11712BC9738A001C1016 /* GachaManagerView.swift */ = {isa = PBXFileReference; fileEncoding = 4; lastKnownFileType = sourcecode.swift; name = GachaManagerView.swift; path = "../../その他/名称未設定フォルダ/GachaManagerView.swift"; sourceTree = "<group>"; };
		18CE11732BC973D3001C1016 /* AnswerSelectionView.swift */ = {isa = PBXFileReference; fileEncoding = 4; lastKnownFileType = sourcecode.swift; name = AnswerSelectionView.swift; path = "../../その他/名称未設定フォルダ/AnswerSelectionView.swift"; sourceTree = "<group>"; };
		18CE11752BC973E7001C1016 /* RateManager.swift */ = {isa = PBXFileReference; fileEncoding = 4; lastKnownFileType = sourcecode.swift; name = RateManager.swift; path = "../../その他/名称未設定フォルダ/RateManager.swift"; sourceTree = "<group>"; };
		18CE11772BC983E3001C1016 /* AvatarListView.swift */ = {isa = PBXFileReference; fileEncoding = 4; lastKnownFileType = sourcecode.swift; name = AvatarListView.swift; path = "../../その他/名称未設定フォルダ/AvatarListView.swift"; sourceTree = "<group>"; };
		18CE11792BC983F6001C1016 /* SettingView.swift */ = {isa = PBXFileReference; fileEncoding = 4; lastKnownFileType = sourcecode.swift; name = SettingView.swift; path = "../../その他/名称未設定フォルダ/SettingView.swift"; sourceTree = "<group>"; };
		18CE117B2BC98406001C1016 /* IllustratedView.swift */ = {isa = PBXFileReference; fileEncoding = 4; lastKnownFileType = sourcecode.swift; name = IllustratedView.swift; path = "../../その他/名称未設定フォルダ/IllustratedView.swift"; sourceTree = "<group>"; };
		18CE117D2BC9841A001C1016 /* Interstitial.swift */ = {isa = PBXFileReference; fileEncoding = 4; lastKnownFileType = sourcecode.swift; name = Interstitial.swift; path = "../../その他/名称未設定フォルダ/Interstitial.swift"; sourceTree = "<group>"; };
		18CE117F2BC98441001C1016 /* AudioManager.swift */ = {isa = PBXFileReference; fileEncoding = 4; lastKnownFileType = sourcecode.swift; name = AudioManager.swift; path = "../../その他/名称未設定フォルダ/AudioManager.swift"; sourceTree = "<group>"; };
		18CE11812BC9844D001C1016 /* LoadingView.swift */ = {isa = PBXFileReference; fileEncoding = 4; lastKnownFileType = sourcecode.swift; name = LoadingView.swift; path = "../../その他/名称未設定フォルダ/LoadingView.swift"; sourceTree = "<group>"; };
		18CE11832BC9845A001C1016 /* LoginModalView.swift */ = {isa = PBXFileReference; fileEncoding = 4; lastKnownFileType = sourcecode.swift; name = LoginModalView.swift; path = "../../その他/名称未設定フォルダ/LoginModalView.swift"; sourceTree = "<group>"; };
		18CE11852BC98466001C1016 /* ProgressBar3.swift */ = {isa = PBXFileReference; fileEncoding = 4; lastKnownFileType = sourcecode.swift; name = ProgressBar3.swift; path = "../../その他/名称未設定フォルダ/ProgressBar3.swift"; sourceTree = "<group>"; };
		18CE11872BC98473001C1016 /* MemoView.swift */ = {isa = PBXFileReference; fileEncoding = 4; lastKnownFileType = sourcecode.swift; name = MemoView.swift; path = "../../その他/名称未設定フォルダ/MemoView.swift"; sourceTree = "<group>"; };
		18CE11892BC98481001C1016 /* RewardModalView.swift */ = {isa = PBXFileReference; fileEncoding = 4; lastKnownFileType = sourcecode.swift; name = RewardModalView.swift; path = "../../その他/名称未設定フォルダ/RewardModalView.swift"; sourceTree = "<group>"; };
		18CE118B2BC98499001C1016 /* TimerView.swift */ = {isa = PBXFileReference; fileEncoding = 4; lastKnownFileType = sourcecode.swift; name = TimerView.swift; path = "../../その他/名称未設定フォルダ/TimerView.swift"; sourceTree = "<group>"; };
		18CE118D2BC984A5001C1016 /* RootView.swift */ = {isa = PBXFileReference; fileEncoding = 4; lastKnownFileType = sourcecode.swift; name = RootView.swift; path = "../../その他/名称未設定フォルダ/RootView.swift"; sourceTree = "<group>"; };
		18CE118F2BC984C8001C1016 /* TopView.swift */ = {isa = PBXFileReference; fileEncoding = 4; lastKnownFileType = sourcecode.swift; name = TopView.swift; path = "../../その他/名称未設定フォルダ/TopView.swift"; sourceTree = "<group>"; };
		18CE11902BC984C8001C1016 /* GachaView.swift */ = {isa = PBXFileReference; fileEncoding = 4; lastKnownFileType = sourcecode.swift; name = GachaView.swift; path = "../../その他/名称未設定フォルダ/GachaView.swift"; sourceTree = "<group>"; };
		18CE11912BC984C8001C1016 /* GachaAnimationView.swift */ = {isa = PBXFileReference; fileEncoding = 4; lastKnownFileType = sourcecode.swift; name = GachaAnimationView.swift; path = "../../その他/名称未設定フォルダ/GachaAnimationView.swift"; sourceTree = "<group>"; };
		18CE11922BC984C8001C1016 /* RareGachaView.swift */ = {isa = PBXFileReference; fileEncoding = 4; lastKnownFileType = sourcecode.swift; name = RareGachaView.swift; path = "../../その他/名称未設定フォルダ/RareGachaView.swift"; sourceTree = "<group>"; };
		18CE11932BC984C8001C1016 /* SignUp.swift */ = {isa = PBXFileReference; fileEncoding = 4; lastKnownFileType = sourcecode.swift; name = SignUp.swift; path = "../../その他/名称未設定フォルダ/SignUp.swift"; sourceTree = "<group>"; };
		18CE11942BC984C8001C1016 /* RewardView.swift */ = {isa = PBXFileReference; fileEncoding = 4; lastKnownFileType = sourcecode.swift; name = RewardView.swift; path = "../../その他/名称未設定フォルダ/RewardView.swift"; sourceTree = "<group>"; };
		18CE119B2BC984E4001C1016 /* ゲームクリア.mp3 */ = {isa = PBXFileReference; lastKnownFileType = audio.mp3; name = "ゲームクリア.mp3"; path = "../../その他/音声/ゲームクリア.mp3"; sourceTree = "<group>"; };
		18CE119C2BC984E4001C1016 /* ゲームオーバー.mp3 */ = {isa = PBXFileReference; lastKnownFileType = audio.mp3; name = "ゲームオーバー.mp3"; path = "../../その他/音声/ゲームオーバー.mp3"; sourceTree = "<group>"; };
		18D090672CA7F46800F8B8D8 /* ManagerView.swift */ = {isa = PBXFileReference; lastKnownFileType = sourcecode.swift; path = ManagerView.swift; sourceTree = "<group>"; };
		18D090692CA7FC2800F8B8D8 /* QuizFPManagerView.swift */ = {isa = PBXFileReference; lastKnownFileType = sourcecode.swift; path = QuizFPManagerView.swift; sourceTree = "<group>"; };
		18D0906D2CA81C5600F8B8D8 /* QuizTangoManager.swift */ = {isa = PBXFileReference; fileEncoding = 4; lastKnownFileType = sourcecode.swift; name = QuizTangoManager.swift; path = ../../sukimaFP/sukimaZatugaku/QuizTangoManager.swift; sourceTree = "<group>"; };
		18D0906E2CA81C5600F8B8D8 /* QuizJukugoManager.swift */ = {isa = PBXFileReference; fileEncoding = 4; lastKnownFileType = sourcecode.swift; name = QuizJukugoManager.swift; path = ../../sukimaFP/sukimaZatugaku/QuizJukugoManager.swift; sourceTree = "<group>"; };
		18D0906F2CA81C5600F8B8D8 /* QuizBunpouManager.swift */ = {isa = PBXFileReference; fileEncoding = 4; lastKnownFileType = sourcecode.swift; name = QuizBunpouManager.swift; path = ../../sukimaFP/sukimaZatugaku/QuizBunpouManager.swift; sourceTree = "<group>"; };
		18D090732CA81C9500F8B8D8 /* QuizTango2List.swift */ = {isa = PBXFileReference; fileEncoding = 4; lastKnownFileType = sourcecode.swift; name = QuizTango2List.swift; path = ../../sukimaFP/sukimaZatugaku/QuizTango2List.swift; sourceTree = "<group>"; };
		18D090742CA81C9500F8B8D8 /* QuizTango1List.swift */ = {isa = PBXFileReference; fileEncoding = 4; lastKnownFileType = sourcecode.swift; name = QuizTango1List.swift; path = ../../sukimaFP/sukimaZatugaku/QuizTango1List.swift; sourceTree = "<group>"; };
		18D090762CA81C9500F8B8D8 /* QuizTangoJun1List.swift */ = {isa = PBXFileReference; fileEncoding = 4; lastKnownFileType = sourcecode.swift; name = QuizTangoJun1List.swift; path = ../../sukimaFP/sukimaZatugaku/QuizTangoJun1List.swift; sourceTree = "<group>"; };
		18D090772CA81C9500F8B8D8 /* QuizTangoJun2List.swift */ = {isa = PBXFileReference; fileEncoding = 4; lastKnownFileType = sourcecode.swift; name = QuizTangoJun2List.swift; path = ../../sukimaFP/sukimaZatugaku/QuizTangoJun2List.swift; sourceTree = "<group>"; };
		18D0907D2CA81CAA00F8B8D8 /* QuizIncorrectTangoAnswerListView.swift */ = {isa = PBXFileReference; fileEncoding = 4; lastKnownFileType = sourcecode.swift; name = QuizIncorrectTangoAnswerListView.swift; path = ../../sukimaFP/sukimaZatugaku/QuizIncorrectTangoAnswerListView.swift; sourceTree = "<group>"; };
		18D0907E2CA81CAA00F8B8D8 /* QuizIncorrectBunpouAnswerListView.swift */ = {isa = PBXFileReference; fileEncoding = 4; lastKnownFileType = sourcecode.swift; name = QuizIncorrectBunpouAnswerListView.swift; path = ../../sukimaFP/sukimaZatugaku/QuizIncorrectBunpouAnswerListView.swift; sourceTree = "<group>"; };
		18D0907F2CA81CAA00F8B8D8 /* QuizIncorrectJukugoAnswerListView.swift */ = {isa = PBXFileReference; fileEncoding = 4; lastKnownFileType = sourcecode.swift; name = QuizIncorrectJukugoAnswerListView.swift; path = ../../sukimaFP/sukimaZatugaku/QuizIncorrectJukugoAnswerListView.swift; sourceTree = "<group>"; };
		18D090832CA81CF200F8B8D8 /* QuizJukugoJun2List.swift */ = {isa = PBXFileReference; fileEncoding = 4; lastKnownFileType = sourcecode.swift; name = QuizJukugoJun2List.swift; path = ../../sukimaFP/sukimaZatugaku/QuizJukugoJun2List.swift; sourceTree = "<group>"; };
		18D090842CA81CF200F8B8D8 /* QuizJukugo3List.swift */ = {isa = PBXFileReference; fileEncoding = 4; lastKnownFileType = sourcecode.swift; name = QuizJukugo3List.swift; path = ../../sukimaFP/sukimaZatugaku/QuizJukugo3List.swift; sourceTree = "<group>"; };
		18D090852CA81CF200F8B8D8 /* QuizJukugo2List.swift */ = {isa = PBXFileReference; fileEncoding = 4; lastKnownFileType = sourcecode.swift; name = QuizJukugo2List.swift; path = ../../sukimaFP/sukimaZatugaku/QuizJukugo2List.swift; sourceTree = "<group>"; };
		18D090862CA81CF200F8B8D8 /* QuizJukugoJun1List.swift */ = {isa = PBXFileReference; fileEncoding = 4; lastKnownFileType = sourcecode.swift; name = QuizJukugoJun1List.swift; path = ../../sukimaFP/sukimaZatugaku/QuizJukugoJun1List.swift; sourceTree = "<group>"; };
		18D0908B2CA81D1E00F8B8D8 /* QuizBunpouJunAdvancedList.swift */ = {isa = PBXFileReference; fileEncoding = 4; lastKnownFileType = sourcecode.swift; name = QuizBunpouJunAdvancedList.swift; path = ../../sukimaFP/sukimaZatugaku/QuizBunpouJunAdvancedList.swift; sourceTree = "<group>"; };
		18D0908C2CA81D1E00F8B8D8 /* QuizBunpouBeginnerList.swift */ = {isa = PBXFileReference; fileEncoding = 4; lastKnownFileType = sourcecode.swift; name = QuizBunpouBeginnerList.swift; path = ../../sukimaFP/sukimaZatugaku/QuizBunpouBeginnerList.swift; sourceTree = "<group>"; };
		18D0908D2CA81D1E00F8B8D8 /* QuizJunBunpouBeginnerList.swift */ = {isa = PBXFileReference; fileEncoding = 4; lastKnownFileType = sourcecode.swift; name = QuizJunBunpouBeginnerList.swift; path = ../../sukimaFP/sukimaZatugaku/QuizJunBunpouBeginnerList.swift; sourceTree = "<group>"; };
		18D0908E2CA81D1E00F8B8D8 /* QuizBunpouJunIntermediateList.swift */ = {isa = PBXFileReference; fileEncoding = 4; lastKnownFileType = sourcecode.swift; name = QuizBunpouJunIntermediateList.swift; path = ../../sukimaFP/sukimaZatugaku/QuizBunpouJunIntermediateList.swift; sourceTree = "<group>"; };
		18D0908F2CA81D1E00F8B8D8 /* QuizBunpouJunBeginnerList.swift */ = {isa = PBXFileReference; fileEncoding = 4; lastKnownFileType = sourcecode.swift; name = QuizBunpouJunBeginnerList.swift; path = ../../sukimaFP/sukimaZatugaku/QuizBunpouJunBeginnerList.swift; sourceTree = "<group>"; };
		18D090902CA81D1E00F8B8D8 /* QuizBunpouAdvancedList.swift */ = {isa = PBXFileReference; fileEncoding = 4; lastKnownFileType = sourcecode.swift; name = QuizBunpouAdvancedList.swift; path = ../../sukimaFP/sukimaZatugaku/QuizBunpouAdvancedList.swift; sourceTree = "<group>"; };
		18D090912CA81D1E00F8B8D8 /* QuizBunpouIntermediateList.swift */ = {isa = PBXFileReference; fileEncoding = 4; lastKnownFileType = sourcecode.swift; name = QuizBunpouIntermediateList.swift; path = ../../sukimaFP/sukimaZatugaku/QuizBunpouIntermediateList.swift; sourceTree = "<group>"; };
		18D090992CA862B500F8B8D8 /* QuizToeicJukugoBeginnerList.swift */ = {isa = PBXFileReference; lastKnownFileType = sourcecode.swift; path = QuizToeicJukugoBeginnerList.swift; sourceTree = "<group>"; };
		18D0909B2CA8630A00F8B8D8 /* QuizToeicJukugoIntermediateList.swift */ = {isa = PBXFileReference; lastKnownFileType = sourcecode.swift; path = QuizToeicJukugoIntermediateList.swift; sourceTree = "<group>"; };
		18D0909D2CA8684400F8B8D8 /* QuizToeicTangoAdvancedList.swift */ = {isa = PBXFileReference; fileEncoding = 4; lastKnownFileType = sourcecode.swift; path = QuizToeicTangoAdvancedList.swift; sourceTree = "<group>"; };
		18D0909E2CA8684400F8B8D8 /* QuizToeicTangoBeginnerList.swift */ = {isa = PBXFileReference; fileEncoding = 4; lastKnownFileType = sourcecode.swift; path = QuizToeicTangoBeginnerList.swift; sourceTree = "<group>"; };
		18D0909F2CA8684400F8B8D8 /* QuizToeicTangoIntermediateList.swift */ = {isa = PBXFileReference; fileEncoding = 4; lastKnownFileType = sourcecode.swift; path = QuizToeicTangoIntermediateList.swift; sourceTree = "<group>"; };
		18D090A32CA9908300F8B8D8 /* QuizTango3List.swift */ = {isa = PBXFileReference; lastKnownFileType = sourcecode.swift; path = QuizTango3List.swift; sourceTree = "<group>"; };
		18D090A72CB0BC8700F8B8D8 /* QuizFPTabManagerView.swift */ = {isa = PBXFileReference; lastKnownFileType = sourcecode.swift; path = QuizFPTabManagerView.swift; sourceTree = "<group>"; };
		18D090AB2CB2273000F8B8D8 /* PentagonTangoShape.swift */ = {isa = PBXFileReference; lastKnownFileType = sourcecode.swift; path = PentagonTangoShape.swift; sourceTree = "<group>"; };
		18D090B12CB2318E00F8B8D8 /* PentagonJukugoShape.swift */ = {isa = PBXFileReference; lastKnownFileType = sourcecode.swift; path = PentagonJukugoShape.swift; sourceTree = "<group>"; };
		18D090B32CB231A900F8B8D8 /* PentagonBunpouShape.swift */ = {isa = PBXFileReference; lastKnownFileType = sourcecode.swift; path = PentagonBunpouShape.swift; sourceTree = "<group>"; };
		18D090B52CB2396A00F8B8D8 /* PentagonManagerView.swift */ = {isa = PBXFileReference; lastKnownFileType = sourcecode.swift; path = PentagonManagerView.swift; sourceTree = "<group>"; };
		18D090B72CB2D84000F8B8D8 /* QuizTangoTabManager.swift */ = {isa = PBXFileReference; lastKnownFileType = sourcecode.swift; path = QuizTangoTabManager.swift; sourceTree = "<group>"; };
		18E818542B5ADDD000595669 /* QuizManagerTabView.swift */ = {isa = PBXFileReference; lastKnownFileType = sourcecode.swift; path = QuizManagerTabView.swift; sourceTree = "<group>"; };
		26071BCE2B25D3D30012B836 /* Info.plist */ = {isa = PBXFileReference; lastKnownFileType = text.plist; path = Info.plist; sourceTree = "<group>"; };
		26071BD02B25EA750012B836 /* QuizBeginnerList.swift */ = {isa = PBXFileReference; lastKnownFileType = sourcecode.swift; path = QuizBeginnerList.swift; sourceTree = "<group>"; };
		26071BD12B25EA7E0012B836 /* QuizDailyList.swift */ = {isa = PBXFileReference; lastKnownFileType = sourcecode.swift; path = QuizDailyList.swift; sourceTree = "<group>"; };
		26071BD22B25EA800012B836 /* QuizView.swift */ = {isa = PBXFileReference; lastKnownFileType = sourcecode.swift; path = QuizView.swift; sourceTree = "<group>"; };
		26071BD32B25EA810012B836 /* QuizIntermediateList.swift */ = {isa = PBXFileReference; lastKnownFileType = sourcecode.swift; path = QuizIntermediateList.swift; sourceTree = "<group>"; };
		26071BD42B25EA830012B836 /* QuizDatabaseList.swift */ = {isa = PBXFileReference; lastKnownFileType = sourcecode.swift; path = QuizDatabaseList.swift; sourceTree = "<group>"; };
		26071BD52B25EA860012B836 /* QuizResultView.swift */ = {isa = PBXFileReference; lastKnownFileType = sourcecode.swift; path = QuizResultView.swift; sourceTree = "<group>"; };
		26071BD62B25EA880012B836 /* QuizNetworkList.swift */ = {isa = PBXFileReference; lastKnownFileType = sourcecode.swift; path = QuizNetworkList.swift; sourceTree = "<group>"; };
		26071BD72B25EA8B0012B836 /* QuizManagerView.swift */ = {isa = PBXFileReference; lastKnownFileType = sourcecode.swift; path = QuizManagerView.swift; sourceTree = "<group>"; };
		26071BD92B25EA8E0012B836 /* QuizAdvancedList.swift */ = {isa = PBXFileReference; lastKnownFileType = sourcecode.swift; path = QuizAdvancedList.swift; sourceTree = "<group>"; };
		26071BDA2B25EA920012B836 /* QuizHtmlCssView.swift */ = {isa = PBXFileReference; lastKnownFileType = sourcecode.swift; path = QuizHtmlCssView.swift; sourceTree = "<group>"; };
		26071BDC2B25EA930012B836 /* QuizGodList.swift */ = {isa = PBXFileReference; lastKnownFileType = sourcecode.swift; path = QuizGodList.swift; sourceTree = "<group>"; };
		26071BDD2B25EA950012B836 /* QuizSecurityList.swift */ = {isa = PBXFileReference; lastKnownFileType = sourcecode.swift; path = QuizSecurityList.swift; sourceTree = "<group>"; };
		26071BEF2B2746B60012B836 /* ModalExplanationView.swift */ = {isa = PBXFileReference; lastKnownFileType = sourcecode.swift; path = ModalExplanationView.swift; sourceTree = "<group>"; };
		26071BF12B2A73AD0012B836 /* ModalTimeoutView.swift */ = {isa = PBXFileReference; lastKnownFileType = sourcecode.swift; path = ModalTimeoutView.swift; sourceTree = "<group>"; };
		261F44B42B25B93C00080669 /* moneyQuiz.app */ = {isa = PBXFileReference; explicitFileType = wrapper.application; includeInIndex = 0; path = moneyQuiz.app; sourceTree = BUILT_PRODUCTS_DIR; };
		261F44B72B25B93C00080669 /* moneyQuizApp.swift */ = {isa = PBXFileReference; lastKnownFileType = sourcecode.swift; path = moneyQuizApp.swift; sourceTree = "<group>"; };
		261F44BB2B25B93E00080669 /* Assets.xcassets */ = {isa = PBXFileReference; lastKnownFileType = folder.assetcatalog; path = Assets.xcassets; sourceTree = "<group>"; };
		261F44BE2B25B93E00080669 /* Preview Assets.xcassets */ = {isa = PBXFileReference; lastKnownFileType = folder.assetcatalog; path = "Preview Assets.xcassets"; sourceTree = "<group>"; };
		261F45172B25BE8C00080669 /* PrivacyView.swift */ = {isa = PBXFileReference; fileEncoding = 4; lastKnownFileType = sourcecode.swift; name = PrivacyView.swift; path = ../../reward/reward/PrivacyView.swift; sourceTree = "<group>"; };
		261F45182B25BE8C00080669 /* TermsOfServiceView.swift */ = {isa = PBXFileReference; fileEncoding = 4; lastKnownFileType = sourcecode.swift; name = TermsOfServiceView.swift; path = ../../reward/reward/TermsOfServiceView.swift; sourceTree = "<group>"; };
		26228EE92B463016009D59ED /* TittlesView.swift */ = {isa = PBXFileReference; lastKnownFileType = sourcecode.swift; path = TittlesView.swift; sourceTree = "<group>"; };
		26280CFB2B47D02A006D96B6 /* ModalTittleView.swift */ = {isa = PBXFileReference; lastKnownFileType = sourcecode.swift; path = ModalTittleView.swift; sourceTree = "<group>"; };
		2630861E2B3AD63900D8BD76 /* Charts.framework */ = {isa = PBXFileReference; explicitFileType = wrapper.framework; path = Charts.framework; sourceTree = BUILT_PRODUCTS_DIR; };
		263086222B3AD84800D8BD76 /* Charts.framework */ = {isa = PBXFileReference; lastKnownFileType = wrapper.framework; name = Charts.framework; path = System/Library/Frameworks/Charts.framework; sourceTree = SDKROOT; };
		264CE41E2B3EFE5B00CFC826 /* GraphManagerView.swift */ = {isa = PBXFileReference; lastKnownFileType = sourcecode.swift; path = GraphManagerView.swift; sourceTree = "<group>"; };
		26502AA02B43181A00ACFBF1 /* HelpView.swift */ = {isa = PBXFileReference; lastKnownFileType = sourcecode.swift; path = HelpView.swift; sourceTree = "<group>"; };
		26507AA62B4477D4001A7F9E /* GoogleService-Info.plist */ = {isa = PBXFileReference; fileEncoding = 4; lastKnownFileType = text.plist.xml; path = "GoogleService-Info.plist"; sourceTree = "<group>"; };
		265DDFFE2B3D1A73004BF2B2 /* AppState.swift */ = {isa = PBXFileReference; lastKnownFileType = sourcecode.swift; path = AppState.swift; sourceTree = "<group>"; };
		267D0C962B33388600A8D4ED /* BarChartView.swift */ = {isa = PBXFileReference; lastKnownFileType = sourcecode.swift; path = BarChartView.swift; sourceTree = "<group>"; };
		26F229002B2D8CA600760F40 /* QuizIncorrectAnswerListView.swift */ = {isa = PBXFileReference; lastKnownFileType = sourcecode.swift; path = QuizIncorrectAnswerListView.swift; sourceTree = "<group>"; };
		26F229022B302B0600760F40 /* ModalReturnView.swift */ = {isa = PBXFileReference; lastKnownFileType = sourcecode.swift; path = ModalReturnView.swift; sourceTree = "<group>"; };
		26F229042B3173AC00760F40 /* Banner.swift */ = {isa = PBXFileReference; lastKnownFileType = sourcecode.swift; path = Banner.swift; sourceTree = "<group>"; };
		5179FECCE44B63CB2672945E /* Pods-moneyQuiz.debug.xcconfig */ = {isa = PBXFileReference; includeInIndex = 1; lastKnownFileType = text.xcconfig; name = "Pods-moneyQuiz.debug.xcconfig"; path = "Target Support Files/Pods-moneyQuiz/Pods-moneyQuiz.debug.xcconfig"; sourceTree = "<group>"; };
		8BFB83CE6250694AD6A58DDA /* Pods-moneyQuiz.release.xcconfig */ = {isa = PBXFileReference; includeInIndex = 1; lastKnownFileType = text.xcconfig; name = "Pods-moneyQuiz.release.xcconfig"; path = "Target Support Files/Pods-moneyQuiz/Pods-moneyQuiz.release.xcconfig"; sourceTree = "<group>"; };
		CD72B6F6625FF739A1731D87 /* Pods_moneyQuiz.framework */ = {isa = PBXFileReference; explicitFileType = wrapper.framework; includeInIndex = 0; path = Pods_moneyQuiz.framework; sourceTree = BUILT_PRODUCTS_DIR; };
/* End PBXFileReference section */

/* Begin PBXFrameworksBuildPhase section */
		261F44B12B25B93C00080669 /* Frameworks */ = {
			isa = PBXFrameworksBuildPhase;
			buildActionMask = 2147483647;
			files = (
				263086232B3AD84800D8BD76 /* Charts.framework in Frameworks */,
				1820AE072B518A5B00BBA679 /* AppVersionMonitorSwiftUI in Frameworks */,
				7D745C106B339DF249B98095 /* Pods_moneyQuiz.framework in Frameworks */,
				183A77852CB3EB630000B839 /* StoreKit.framework in Frameworks */,
			);
			runOnlyForDeploymentPostprocessing = 0;
		};
/* End PBXFrameworksBuildPhase section */

/* Begin PBXGroup section */
		261F44AB2B25B93C00080669 = {
			isa = PBXGroup;
			children = (
				18A44FF72CA7A4D200907CF6 /* StoreKit.storekit */,
				261F44B62B25B93C00080669 /* moneyQuiz */,
				261F44B52B25B93C00080669 /* Products */,
				2C13CE95877EB0EB6450C86B /* Pods */,
				3537C3590AEC75E539D83CB5 /* Frameworks */,
			);
			sourceTree = "<group>";
		};
		261F44B52B25B93C00080669 /* Products */ = {
			isa = PBXGroup;
			children = (
				261F44B42B25B93C00080669 /* moneyQuiz.app */,
			);
			name = Products;
			sourceTree = "<group>";
		};
		261F44B62B25B93C00080669 /* moneyQuiz */ = {
			isa = PBXGroup;
			children = (
				26071BCE2B25D3D30012B836 /* Info.plist */,
				261F44B72B25B93C00080669 /* moneyQuizApp.swift */,
				18A44FF92CA7A52900907CF6 /* SubscriptionView.swift */,
				18A44FFB2CA7A55100907CF6 /* PreView.swift */,
				182534332CCE6164001CFE16 /* SplashScreenView.swift */,
				18CE11692BC9730A001C1016 /* ContentView.swift */,
				180A9FCA2CE21DA000B35C83 /* StampAnimationView.swift */,
				180A9FBE2CD71BCD00B35C83 /* ChangeNameView.swift */,
				180A9FC22CD71BF800B35C83 /* TutorialModalView.swift */,
				1823945A2CBB54FB00A875BF /* ReviewView.swift */,
				1823945C2CBB558D00A875BF /* StoreKit.swift */,
				183A77882CB40F420000B839 /* HelpModalView.swift */,
				18236D612BC17AB5009C6CEB /* ContactView.swift */,
				267D0C962B33388600A8D4ED /* BarChartView.swift */,
				18CE116B2BC97348001C1016 /* AuthManager.swift */,
				181F7DD12B7349B10013629C /* RankingView.swift */,
				18CE116D2BC97363001C1016 /* PentagonShape.swift */,
				18D090AB2CB2273000F8B8D8 /* PentagonTangoShape.swift */,
				18D090B12CB2318E00F8B8D8 /* PentagonJukugoShape.swift */,
				18D090B32CB231A900F8B8D8 /* PentagonBunpouShape.swift */,
				18D090B52CB2396A00F8B8D8 /* PentagonManagerView.swift */,
				26071BD52B25EA860012B836 /* QuizResultView.swift */,
				26071BD22B25EA800012B836 /* QuizView.swift */,
				26071BD72B25EA8B0012B836 /* QuizManagerView.swift */,
				18D090672CA7F46800F8B8D8 /* ManagerView.swift */,
				18D0906F2CA81C5600F8B8D8 /* QuizBunpouManager.swift */,
				18D0906E2CA81C5600F8B8D8 /* QuizJukugoManager.swift */,
				18D0906D2CA81C5600F8B8D8 /* QuizTangoManager.swift */,
				18D090B72CB2D84000F8B8D8 /* QuizTangoTabManager.swift */,
				18D090692CA7FC2800F8B8D8 /* QuizFPManagerView.swift */,
				18D090A72CB0BC8700F8B8D8 /* QuizFPTabManagerView.swift */,
				18996F052B63742900B72123 /* RewardTimesModal.swift */,
				26071BD92B25EA8E0012B836 /* QuizAdvancedList.swift */,
				18CE116F2BC97374001C1016 /* ModalView.swift */,
				26071BD12B25EA7E0012B836 /* QuizDailyList.swift */,
				26071BD42B25EA830012B836 /* QuizDatabaseList.swift */,
				26071BDC2B25EA930012B836 /* QuizGodList.swift */,
				18CE11712BC9738A001C1016 /* GachaManagerView.swift */,
				26071BDA2B25EA920012B836 /* QuizHtmlCssView.swift */,
				26071BD32B25EA810012B836 /* QuizIntermediateList.swift */,
				18CE11732BC973D3001C1016 /* AnswerSelectionView.swift */,
				265DDFFE2B3D1A73004BF2B2 /* AppState.swift */,
				26F229042B3173AC00760F40 /* Banner.swift */,
				26071BD62B25EA880012B836 /* QuizNetworkList.swift */,
				26071BDD2B25EA950012B836 /* QuizSecurityList.swift */,
				26071BD02B25EA750012B836 /* QuizBeginnerList.swift */,
				26F229002B2D8CA600760F40 /* QuizIncorrectAnswerListView.swift */,
				18CE11752BC973E7001C1016 /* RateManager.swift */,
				18CE11792BC983F6001C1016 /* SettingView.swift */,
				18CE11772BC983E3001C1016 /* AvatarListView.swift */,
				264CE41E2B3EFE5B00CFC826 /* GraphManagerView.swift */,
				26071BEF2B2746B60012B836 /* ModalExplanationView.swift */,
				26F229022B302B0600760F40 /* ModalReturnView.swift */,
				26071BF12B2A73AD0012B836 /* ModalTimeoutView.swift */,
				18CE117B2BC98406001C1016 /* IllustratedView.swift */,
				18CE117D2BC9841A001C1016 /* Interstitial.swift */,
				26280CFB2B47D02A006D96B6 /* ModalTittleView.swift */,
				18CE117F2BC98441001C1016 /* AudioManager.swift */,
				18CE11812BC9844D001C1016 /* LoadingView.swift */,
				18CE11832BC9845A001C1016 /* LoginModalView.swift */,
				18CE11852BC98466001C1016 /* ProgressBar3.swift */,
				18CE11872BC98473001C1016 /* MemoView.swift */,
				261F45172B25BE8C00080669 /* PrivacyView.swift */,
				18CE11892BC98481001C1016 /* RewardModalView.swift */,
				18D090742CA81C9500F8B8D8 /* QuizTango1List.swift */,
				18D090732CA81C9500F8B8D8 /* QuizTango2List.swift */,
				18D090762CA81C9500F8B8D8 /* QuizTangoJun1List.swift */,
				18D090A32CA9908300F8B8D8 /* QuizTango3List.swift */,
				18D090772CA81C9500F8B8D8 /* QuizTangoJun2List.swift */,
				261F45182B25BE8C00080669 /* TermsOfServiceView.swift */,
				18D0907E2CA81CAA00F8B8D8 /* QuizIncorrectBunpouAnswerListView.swift */,
				18D0907F2CA81CAA00F8B8D8 /* QuizIncorrectJukugoAnswerListView.swift */,
				18D0907D2CA81CAA00F8B8D8 /* QuizIncorrectTangoAnswerListView.swift */,
				18D090902CA81D1E00F8B8D8 /* QuizBunpouAdvancedList.swift */,
				18D0908C2CA81D1E00F8B8D8 /* QuizBunpouBeginnerList.swift */,
				18D090912CA81D1E00F8B8D8 /* QuizBunpouIntermediateList.swift */,
				18D0908B2CA81D1E00F8B8D8 /* QuizBunpouJunAdvancedList.swift */,
				18D0908F2CA81D1E00F8B8D8 /* QuizBunpouJunBeginnerList.swift */,
				18D0908E2CA81D1E00F8B8D8 /* QuizBunpouJunIntermediateList.swift */,
				18D0909D2CA8684400F8B8D8 /* QuizToeicTangoAdvancedList.swift */,
				18D0909E2CA8684400F8B8D8 /* QuizToeicTangoBeginnerList.swift */,
				18D0909F2CA8684400F8B8D8 /* QuizToeicTangoIntermediateList.swift */,
				18D0908D2CA81D1E00F8B8D8 /* QuizJunBunpouBeginnerList.swift */,
				18D090992CA862B500F8B8D8 /* QuizToeicJukugoBeginnerList.swift */,
				18D0909B2CA8630A00F8B8D8 /* QuizToeicJukugoIntermediateList.swift */,
				18D090852CA81CF200F8B8D8 /* QuizJukugo2List.swift */,
				18D090842CA81CF200F8B8D8 /* QuizJukugo3List.swift */,
				18D090862CA81CF200F8B8D8 /* QuizJukugoJun1List.swift */,
				18D090832CA81CF200F8B8D8 /* QuizJukugoJun2List.swift */,
				18CE118B2BC98499001C1016 /* TimerView.swift */,
				18CE118D2BC984A5001C1016 /* RootView.swift */,
				18CE11942BC984C8001C1016 /* RewardView.swift */,
				18CE11912BC984C8001C1016 /* GachaAnimationView.swift */,
				18CE11902BC984C8001C1016 /* GachaView.swift */,
				18CE11922BC984C8001C1016 /* RareGachaView.swift */,
				18CE11932BC984C8001C1016 /* SignUp.swift */,
				18CE118F2BC984C8001C1016 /* TopView.swift */,
				18E818542B5ADDD000595669 /* QuizManagerTabView.swift */,
				26228EE92B463016009D59ED /* TittlesView.swift */,
				26502AA02B43181A00ACFBF1 /* HelpView.swift */,
				18C37B142D0EFF3300326A2E /* ProgressExpBar.swift */,
				18C37B322D1313E000326A2E /* InterstitialStory.swift */,
				18C37B1A2D12DDC900326A2E /* ProgressStoryView.swift */,
				18C37B222D13020100326A2E /* TutorialStoryModalView.swift */,
				18C37B182D12D9A300326A2E /* StoryView.swift */,
				18C37B302D1306EA00326A2E /* StoryNikyuListView.swift */,
				18C37B262D13026800326A2E /* StorySankyuListView.swift */,
				18C37B242D13022000326A2E /* HelpStoryModalView.swift */,
				18C37B282D1302AB00326A2E /* StoryQuizView.swift */,
				18C37B2E2D13065A00326A2E /* StoryQuizResultView.swift */,
				18C37B2C2D13061300326A2E /* SubModalView.swift */,
				18C37B2A2D1305F800326A2E /* RankModalView.swift */,
				18C37B202D1301C400326A2E /* StoryMonsterModalView.swift */,
				18C37B1E2D13019E00326A2E /* StoryCoinModalView.swift */,
				18C37B1C2D12FFE700326A2E /* StorySutaminaModalView.swift */,
				18B9DFB42B66A5F000E5AEFD /* sound.mp3 */,
				18B87A802B660178007EAA25 /* soundKettei.mp3 */,
				18B87A862B660178007EAA25 /* おとも切り替え.mp3 */,
				18B87A882B660178007EAA25 /* カウントダウン.mp3 */,
				18B87A7F2B660178007EAA25 /* キャンセル.mp3 */,
				18CE119C2BC984E4001C1016 /* ゲームオーバー.mp3 */,
				18CE119B2BC984E4001C1016 /* ゲームクリア.mp3 */,
				18B87A812B660178007EAA25 /* ホームに戻る.mp3 */,
				18B87A852B660178007EAA25 /* レベルアップ.mp3 */,
				18B87A8C2B660178007EAA25 /* 正解.mp3 */,
				18B87A872B660178007EAA25 /* 敵攻撃.mp3 */,
				18B87A8B2B660178007EAA25 /* 倒れる.mp3 */,
				18B87A842B660178007EAA25 /* 不正解.mp3 */,
				18B87A8A2B660178007EAA25 /* 味方攻撃.mp3 */,
				180A9FCC2CE21F3400B35C83 /* 称号.mp3 */,
				261F44BB2B25B93E00080669 /* Assets.xcassets */,
				261F44BD2B25B93E00080669 /* Preview Content */,
				26507AA62B4477D4001A7F9E /* GoogleService-Info.plist */,
			);
			path = moneyQuiz;
			sourceTree = "<group>";
		};
		261F44BD2B25B93E00080669 /* Preview Content */ = {
			isa = PBXGroup;
			children = (
				261F44BE2B25B93E00080669 /* Preview Assets.xcassets */,
			);
			path = "Preview Content";
			sourceTree = "<group>";
		};
		2C13CE95877EB0EB6450C86B /* Pods */ = {
			isa = PBXGroup;
			children = (
				5179FECCE44B63CB2672945E /* Pods-moneyQuiz.debug.xcconfig */,
				8BFB83CE6250694AD6A58DDA /* Pods-moneyQuiz.release.xcconfig */,
			);
			path = Pods;
			sourceTree = "<group>";
		};
		3537C3590AEC75E539D83CB5 /* Frameworks */ = {
			isa = PBXGroup;
			children = (
				183A77842CB3EB630000B839 /* StoreKit.framework */,
				2630861E2B3AD63900D8BD76 /* Charts.framework */,
				263086222B3AD84800D8BD76 /* Charts.framework */,
				CD72B6F6625FF739A1731D87 /* Pods_moneyQuiz.framework */,
			);
			name = Frameworks;
			sourceTree = "<group>";
		};
/* End PBXGroup section */

/* Begin PBXNativeTarget section */
		261F44B32B25B93C00080669 /* moneyQuiz */ = {
			isa = PBXNativeTarget;
			buildConfigurationList = 261F44C22B25B93E00080669 /* Build configuration list for PBXNativeTarget "moneyQuiz" */;
			buildPhases = (
				0CEDCAC0A80B32D36FFD9B98 /* [CP] Check Pods Manifest.lock */,
				261F44B02B25B93C00080669 /* Sources */,
				261F44B12B25B93C00080669 /* Frameworks */,
				261F44B22B25B93C00080669 /* Resources */,
				A612BB8FEDEE8CA2B41A1F15 /* [CP] Embed Pods Frameworks */,
			);
			buildRules = (
			);
			dependencies = (
			);
			name = moneyQuiz;
			packageProductDependencies = (
				1820AE062B518A5B00BBA679 /* AppVersionMonitorSwiftUI */,
			);
			productName = moneyQuiz;
			productReference = 261F44B42B25B93C00080669 /* moneyQuiz.app */;
			productType = "com.apple.product-type.application";
		};
/* End PBXNativeTarget section */

/* Begin PBXProject section */
		261F44AC2B25B93C00080669 /* Project object */ = {
			isa = PBXProject;
			attributes = {
				BuildIndependentTargetsInParallel = 1;
				LastSwiftUpdateCheck = 1510;
				LastUpgradeCheck = 1510;
				TargetAttributes = {
					261F44B32B25B93C00080669 = {
						CreatedOnToolsVersion = 15.1;
					};
				};
			};
			buildConfigurationList = 261F44AF2B25B93C00080669 /* Build configuration list for PBXProject "moneyQuiz" */;
			compatibilityVersion = "Xcode 14.0";
			developmentRegion = en;
			hasScannedForEncodings = 0;
			knownRegions = (
				en,
				Base,
			);
			mainGroup = 261F44AB2B25B93C00080669;
			packageReferences = (
				1820AE052B517F8400BBA679 /* XCRemoteSwiftPackageReference "AppVersionMonitorSwiftUI" */,
			);
			productRefGroup = 261F44B52B25B93C00080669 /* Products */;
			projectDirPath = "";
			projectRoot = "";
			targets = (
				261F44B32B25B93C00080669 /* moneyQuiz */,
			);
		};
/* End PBXProject section */

/* Begin PBXResourcesBuildPhase section */
		261F44B22B25B93C00080669 /* Resources */ = {
			isa = PBXResourcesBuildPhase;
			buildActionMask = 2147483647;
			files = (
				18B87A952B660178007EAA25 /* 敵攻撃.mp3 in Resources */,
				18B87A922B660178007EAA25 /* 不正解.mp3 in Resources */,
				18B87A8D2B660178007EAA25 /* キャンセル.mp3 in Resources */,
				180A9FCD2CE21F3500B35C83 /* 称号.mp3 in Resources */,
				18A44FF82CA7A4D200907CF6 /* StoreKit.storekit in Resources */,
				18B87A8E2B660178007EAA25 /* soundKettei.mp3 in Resources */,
				18B87A962B660178007EAA25 /* カウントダウン.mp3 in Resources */,
				18CE119D2BC984E4001C1016 /* ゲームクリア.mp3 in Resources */,
				18B9DFB52B66A5F000E5AEFD /* sound.mp3 in Resources */,
				18CE119E2BC984E4001C1016 /* ゲームオーバー.mp3 in Resources */,
				18B87A932B660178007EAA25 /* レベルアップ.mp3 in Resources */,
				261F44BF2B25B93E00080669 /* Preview Assets.xcassets in Resources */,
				26507AA72B4477D4001A7F9E /* GoogleService-Info.plist in Resources */,
				18B87A982B660178007EAA25 /* 味方攻撃.mp3 in Resources */,
				18B87A942B660178007EAA25 /* おとも切り替え.mp3 in Resources */,
				18B87A8F2B660178007EAA25 /* ホームに戻る.mp3 in Resources */,
				18B87A992B660178007EAA25 /* 倒れる.mp3 in Resources */,
				261F44BC2B25B93E00080669 /* Assets.xcassets in Resources */,
				18B87A9A2B660178007EAA25 /* 正解.mp3 in Resources */,
			);
			runOnlyForDeploymentPostprocessing = 0;
		};
/* End PBXResourcesBuildPhase section */

/* Begin PBXShellScriptBuildPhase section */
		0CEDCAC0A80B32D36FFD9B98 /* [CP] Check Pods Manifest.lock */ = {
			isa = PBXShellScriptBuildPhase;
			buildActionMask = 2147483647;
			files = (
			);
			inputFileListPaths = (
			);
			inputPaths = (
				"${PODS_PODFILE_DIR_PATH}/Podfile.lock",
				"${PODS_ROOT}/Manifest.lock",
			);
			name = "[CP] Check Pods Manifest.lock";
			outputFileListPaths = (
			);
			outputPaths = (
				"$(DERIVED_FILE_DIR)/Pods-moneyQuiz-checkManifestLockResult.txt",
			);
			runOnlyForDeploymentPostprocessing = 0;
			shellPath = /bin/sh;
			shellScript = "diff \"${PODS_PODFILE_DIR_PATH}/Podfile.lock\" \"${PODS_ROOT}/Manifest.lock\" > /dev/null\nif [ $? != 0 ] ; then\n    # print error to STDERR\n    echo \"error: The sandbox is not in sync with the Podfile.lock. Run 'pod install' or update your CocoaPods installation.\" >&2\n    exit 1\nfi\n# This output is used by Xcode 'outputs' to avoid re-running this script phase.\necho \"SUCCESS\" > \"${SCRIPT_OUTPUT_FILE_0}\"\n";
			showEnvVarsInLog = 0;
		};
		A612BB8FEDEE8CA2B41A1F15 /* [CP] Embed Pods Frameworks */ = {
			isa = PBXShellScriptBuildPhase;
			buildActionMask = 2147483647;
			files = (
			);
			inputFileListPaths = (
				"${PODS_ROOT}/Target Support Files/Pods-moneyQuiz/Pods-moneyQuiz-frameworks-${CONFIGURATION}-input-files.xcfilelist",
			);
			name = "[CP] Embed Pods Frameworks";
			outputFileListPaths = (
				"${PODS_ROOT}/Target Support Files/Pods-moneyQuiz/Pods-moneyQuiz-frameworks-${CONFIGURATION}-output-files.xcfilelist",
			);
			runOnlyForDeploymentPostprocessing = 0;
			shellPath = /bin/sh;
			shellScript = "\"${PODS_ROOT}/Target Support Files/Pods-moneyQuiz/Pods-moneyQuiz-frameworks.sh\"\n";
			showEnvVarsInLog = 0;
		};
/* End PBXShellScriptBuildPhase section */

/* Begin PBXSourcesBuildPhase section */
		261F44B02B25B93C00080669 /* Sources */ = {
			isa = PBXSourcesBuildPhase;
			buildActionMask = 2147483647;
			files = (
				18D090B22CB2318E00F8B8D8 /* PentagonJukugoShape.swift in Sources */,
				18D090782CA81C9500F8B8D8 /* QuizTango2List.swift in Sources */,
				26071BEA2B25EB290012B836 /* QuizSecurityList.swift in Sources */,
				18C37B192D12D9A300326A2E /* StoryView.swift in Sources */,
				18E818552B5ADDD000595669 /* QuizManagerTabView.swift in Sources */,
				18C37B312D1306EA00326A2E /* StoryNikyuListView.swift in Sources */,
				26F229052B3173AC00760F40 /* Banner.swift in Sources */,
				26071BE82B25EB290012B836 /* QuizGodList.swift in Sources */,
				18D090A02CA8684400F8B8D8 /* QuizToeicTangoAdvancedList.swift in Sources */,
				18C37B2D2D13061300326A2E /* SubModalView.swift in Sources */,
				18A44FFC2CA7A55100907CF6 /* PreView.swift in Sources */,
				18236D622BC17AB5009C6CEB /* ContactView.swift in Sources */,
				18D0909A2CA862B500F8B8D8 /* QuizToeicJukugoBeginnerList.swift in Sources */,
				18C37B1B2D12DDC900326A2E /* ProgressStoryView.swift in Sources */,
				265DDFFF2B3D1A73004BF2B2 /* AppState.swift in Sources */,
				18CE11762BC973E7001C1016 /* RateManager.swift in Sources */,
				26228EEA2B463016009D59ED /* TittlesView.swift in Sources */,
				18D090A42CA9908300F8B8D8 /* QuizTango3List.swift in Sources */,
				267D0C972B33388600A8D4ED /* BarChartView.swift in Sources */,
				18CE118A2BC98481001C1016 /* RewardModalView.swift in Sources */,
				18D0908A2CA81CF200F8B8D8 /* QuizJukugoJun1List.swift in Sources */,
				18D090A22CA8684400F8B8D8 /* QuizToeicTangoIntermediateList.swift in Sources */,
				18C37B152D0EFF3300326A2E /* ProgressExpBar.swift in Sources */,
				18D090B82CB2D84000F8B8D8 /* QuizTangoTabManager.swift in Sources */,
				261F44B82B25B93C00080669 /* moneyQuizApp.swift in Sources */,
				18C37B2F2D13065A00326A2E /* StoryQuizResultView.swift in Sources */,
				26071BE12B25EB290012B836 /* QuizDailyList.swift in Sources */,
				18CE11742BC973D3001C1016 /* AnswerSelectionView.swift in Sources */,
				180A9FBF2CD71BCD00B35C83 /* ChangeNameView.swift in Sources */,
				18D090702CA81C5600F8B8D8 /* QuizTangoManager.swift in Sources */,
				182534342CCE6164001CFE16 /* SplashScreenView.swift in Sources */,
				18D090872CA81CF200F8B8D8 /* QuizJukugoJun2List.swift in Sources */,
				26071BEB2B25EB290012B836 /* QuizAdvancedList.swift in Sources */,
				18CE11782BC983E3001C1016 /* AvatarListView.swift in Sources */,
				18D090AC2CB2273000F8B8D8 /* PentagonTangoShape.swift in Sources */,
				18D090802CA81CAA00F8B8D8 /* QuizIncorrectTangoAnswerListView.swift in Sources */,
				26071BE22B25EB290012B836 /* QuizIntermediateList.swift in Sources */,
				18CE11972BC984C8001C1016 /* GachaAnimationView.swift in Sources */,
				18CE11822BC9844D001C1016 /* LoadingView.swift in Sources */,
				18D090962CA81D1E00F8B8D8 /* QuizBunpouJunBeginnerList.swift in Sources */,
				26071BE92B25EB290012B836 /* QuizBeginnerList.swift in Sources */,
				18D090712CA81C5600F8B8D8 /* QuizJukugoManager.swift in Sources */,
				18D090B62CB2396A00F8B8D8 /* PentagonManagerView.swift in Sources */,
				18D090942CA81D1E00F8B8D8 /* QuizJunBunpouBeginnerList.swift in Sources */,
				18D090932CA81D1E00F8B8D8 /* QuizBunpouBeginnerList.swift in Sources */,
				18C37B2B2D1305F800326A2E /* RankModalView.swift in Sources */,
				18CE117A2BC983F6001C1016 /* SettingView.swift in Sources */,
				180A9FC32CD71BF800B35C83 /* TutorialModalView.swift in Sources */,
				26071BE32B25EB290012B836 /* QuizManagerView.swift in Sources */,
				18C37B1F2D13019E00326A2E /* StoryCoinModalView.swift in Sources */,
				18CE11802BC98441001C1016 /* AudioManager.swift in Sources */,
				18CE11722BC9738A001C1016 /* GachaManagerView.swift in Sources */,
				18C37B212D1301C400326A2E /* StoryMonsterModalView.swift in Sources */,
				18CE11882BC98473001C1016 /* MemoView.swift in Sources */,
				18C37B232D13020100326A2E /* TutorialStoryModalView.swift in Sources */,
				18CE116A2BC9730A001C1016 /* ContentView.swift in Sources */,
				18CE117C2BC98406001C1016 /* IllustratedView.swift in Sources */,
				18D090A82CB0BC8700F8B8D8 /* QuizFPTabManagerView.swift in Sources */,
				18D090792CA81C9500F8B8D8 /* QuizTango1List.swift in Sources */,
				261F45192B25BE8C00080669 /* PrivacyView.swift in Sources */,
				26071BDF2B25EB290012B836 /* QuizView.swift in Sources */,
				18D090A12CA8684400F8B8D8 /* QuizToeicTangoBeginnerList.swift in Sources */,
				18C37B252D13022100326A2E /* HelpStoryModalView.swift in Sources */,
				26071BE52B25EB290012B836 /* QuizDatabaseList.swift in Sources */,
				18CE116E2BC97363001C1016 /* PentagonShape.swift in Sources */,
				18CE11962BC984C8001C1016 /* GachaView.swift in Sources */,
				18D090952CA81D1E00F8B8D8 /* QuizBunpouJunIntermediateList.swift in Sources */,
				18CE11952BC984C8001C1016 /* TopView.swift in Sources */,
				26F229032B302B0600760F40 /* ModalReturnView.swift in Sources */,
				18D090682CA7F46800F8B8D8 /* ManagerView.swift in Sources */,
				18D090722CA81C5600F8B8D8 /* QuizBunpouManager.swift in Sources */,
				18A44FFA2CA7A52900907CF6 /* SubscriptionView.swift in Sources */,
				26280CFC2B47D02A006D96B6 /* ModalTittleView.swift in Sources */,
				18D090882CA81CF200F8B8D8 /* QuizJukugo3List.swift in Sources */,
				18D0907C2CA81C9500F8B8D8 /* QuizTangoJun2List.swift in Sources */,
				18D0909C2CA8630A00F8B8D8 /* QuizToeicJukugoIntermediateList.swift in Sources */,
				18CE11992BC984C8001C1016 /* SignUp.swift in Sources */,
				18D090822CA81CAA00F8B8D8 /* QuizIncorrectJukugoAnswerListView.swift in Sources */,
				264CE41F2B3EFE5B00CFC826 /* GraphManagerView.swift in Sources */,
				18CE119A2BC984C8001C1016 /* RewardView.swift in Sources */,
				18CE11842BC9845A001C1016 /* LoginModalView.swift in Sources */,
				18D090892CA81CF200F8B8D8 /* QuizJukugo2List.swift in Sources */,
				18D090812CA81CAA00F8B8D8 /* QuizIncorrectBunpouAnswerListView.swift in Sources */,
				18D090972CA81D1E00F8B8D8 /* QuizBunpouAdvancedList.swift in Sources */,
				18D090982CA81D1E00F8B8D8 /* QuizBunpouIntermediateList.swift in Sources */,
				261F451A2B25BE8C00080669 /* TermsOfServiceView.swift in Sources */,
				26071BE02B25EB290012B836 /* QuizResultView.swift in Sources */,
				18C37B332D1313E000326A2E /* InterstitialStory.swift in Sources */,
				18CE117E2BC9841A001C1016 /* Interstitial.swift in Sources */,
				1823945D2CBB558D00A875BF /* StoreKit.swift in Sources */,
				26071BEC2B25EB290012B836 /* QuizNetworkList.swift in Sources */,
				26F229012B2D8CA600760F40 /* QuizIncorrectAnswerListView.swift in Sources */,
				18C37B1D2D12FFE700326A2E /* StorySutaminaModalView.swift in Sources */,
				26071BE72B25EB290012B836 /* QuizHtmlCssView.swift in Sources */,
				18D090B42CB231A900F8B8D8 /* PentagonBunpouShape.swift in Sources */,
				18D0906A2CA7FC2800F8B8D8 /* QuizFPManagerView.swift in Sources */,
				18CE118E2BC984A5001C1016 /* RootView.swift in Sources */,
				1823945B2CBB54FB00A875BF /* ReviewView.swift in Sources */,
				183A77892CB40F420000B839 /* HelpModalView.swift in Sources */,
				180A9FCB2CE21DA000B35C83 /* StampAnimationView.swift in Sources */,
				18CE116C2BC97349001C1016 /* AuthManager.swift in Sources */,
				18996F062B63742900B72123 /* RewardTimesModal.swift in Sources */,
				26071BF02B2746B60012B836 /* ModalExplanationView.swift in Sources */,
				18D0907B2CA81C9500F8B8D8 /* QuizTangoJun1List.swift in Sources */,
				18CE118C2BC98499001C1016 /* TimerView.swift in Sources */,
				18D090922CA81D1E00F8B8D8 /* QuizBunpouJunAdvancedList.swift in Sources */,
				26071BF22B2A73AD0012B836 /* ModalTimeoutView.swift in Sources */,
				18CE11702BC97374001C1016 /* ModalView.swift in Sources */,
				18C37B292D1302AB00326A2E /* StoryQuizView.swift in Sources */,
				18CE11982BC984C8001C1016 /* RareGachaView.swift in Sources */,
				26502AA12B43181A00ACFBF1 /* HelpView.swift in Sources */,
				18C37B272D13026800326A2E /* StorySankyuListView.swift in Sources */,
				181F7DD22B7349B10013629C /* RankingView.swift in Sources */,
				18CE11862BC98466001C1016 /* ProgressBar3.swift in Sources */,
			);
			runOnlyForDeploymentPostprocessing = 0;
		};
/* End PBXSourcesBuildPhase section */

/* Begin XCBuildConfiguration section */
		261F44C02B25B93E00080669 /* Debug */ = {
			isa = XCBuildConfiguration;
			buildSettings = {
				ALWAYS_SEARCH_USER_PATHS = NO;
				ASSETCATALOG_COMPILER_GENERATE_SWIFT_ASSET_SYMBOL_EXTENSIONS = YES;
				CLANG_ANALYZER_NONNULL = YES;
				CLANG_ANALYZER_NUMBER_OBJECT_CONVERSION = YES_AGGRESSIVE;
				CLANG_CXX_LANGUAGE_STANDARD = "gnu++20";
				CLANG_ENABLE_MODULES = YES;
				CLANG_ENABLE_OBJC_ARC = YES;
				CLANG_ENABLE_OBJC_WEAK = YES;
				CLANG_WARN_BLOCK_CAPTURE_AUTORELEASING = YES;
				CLANG_WARN_BOOL_CONVERSION = YES;
				CLANG_WARN_COMMA = YES;
				CLANG_WARN_CONSTANT_CONVERSION = YES;
				CLANG_WARN_DEPRECATED_OBJC_IMPLEMENTATIONS = YES;
				CLANG_WARN_DIRECT_OBJC_ISA_USAGE = YES_ERROR;
				CLANG_WARN_DOCUMENTATION_COMMENTS = YES;
				CLANG_WARN_EMPTY_BODY = YES;
				CLANG_WARN_ENUM_CONVERSION = YES;
				CLANG_WARN_INFINITE_RECURSION = YES;
				CLANG_WARN_INT_CONVERSION = YES;
				CLANG_WARN_NON_LITERAL_NULL_CONVERSION = YES;
				CLANG_WARN_OBJC_IMPLICIT_RETAIN_SELF = YES;
				CLANG_WARN_OBJC_LITERAL_CONVERSION = YES;
				CLANG_WARN_OBJC_ROOT_CLASS = YES_ERROR;
				CLANG_WARN_QUOTED_INCLUDE_IN_FRAMEWORK_HEADER = YES;
				CLANG_WARN_RANGE_LOOP_ANALYSIS = YES;
				CLANG_WARN_STRICT_PROTOTYPES = YES;
				CLANG_WARN_SUSPICIOUS_MOVE = YES;
				CLANG_WARN_UNGUARDED_AVAILABILITY = YES_AGGRESSIVE;
				CLANG_WARN_UNREACHABLE_CODE = YES;
				CLANG_WARN__DUPLICATE_METHOD_MATCH = YES;
				COPY_PHASE_STRIP = NO;
				DEBUG_INFORMATION_FORMAT = dwarf;
				ENABLE_STRICT_OBJC_MSGSEND = YES;
				ENABLE_TESTABILITY = YES;
				ENABLE_USER_SCRIPT_SANDBOXING = NO;
				GCC_C_LANGUAGE_STANDARD = gnu17;
				GCC_DYNAMIC_NO_PIC = NO;
				GCC_NO_COMMON_BLOCKS = YES;
				GCC_OPTIMIZATION_LEVEL = 0;
				GCC_PREPROCESSOR_DEFINITIONS = (
					"DEBUG=1",
					"$(inherited)",
				);
				GCC_WARN_64_TO_32_BIT_CONVERSION = YES;
				GCC_WARN_ABOUT_RETURN_TYPE = YES_ERROR;
				GCC_WARN_UNDECLARED_SELECTOR = YES;
				GCC_WARN_UNINITIALIZED_AUTOS = YES_AGGRESSIVE;
				GCC_WARN_UNUSED_FUNCTION = YES;
				GCC_WARN_UNUSED_VARIABLE = YES;
				IPHONEOS_DEPLOYMENT_TARGET = 17.2;
				LOCALIZATION_PREFERS_STRING_CATALOGS = YES;
				MTL_ENABLE_DEBUG_INFO = INCLUDE_SOURCE;
				MTL_FAST_MATH = YES;
				ONLY_ACTIVE_ARCH = YES;
				SDKROOT = iphoneos;
				SWIFT_ACTIVE_COMPILATION_CONDITIONS = "DEBUG $(inherited)";
				SWIFT_OPTIMIZATION_LEVEL = "-Onone";
			};
			name = Debug;
		};
		261F44C12B25B93E00080669 /* Release */ = {
			isa = XCBuildConfiguration;
			buildSettings = {
				ALWAYS_SEARCH_USER_PATHS = NO;
				ASSETCATALOG_COMPILER_GENERATE_SWIFT_ASSET_SYMBOL_EXTENSIONS = YES;
				CLANG_ANALYZER_NONNULL = YES;
				CLANG_ANALYZER_NUMBER_OBJECT_CONVERSION = YES_AGGRESSIVE;
				CLANG_CXX_LANGUAGE_STANDARD = "gnu++20";
				CLANG_ENABLE_MODULES = YES;
				CLANG_ENABLE_OBJC_ARC = YES;
				CLANG_ENABLE_OBJC_WEAK = YES;
				CLANG_WARN_BLOCK_CAPTURE_AUTORELEASING = YES;
				CLANG_WARN_BOOL_CONVERSION = YES;
				CLANG_WARN_COMMA = YES;
				CLANG_WARN_CONSTANT_CONVERSION = YES;
				CLANG_WARN_DEPRECATED_OBJC_IMPLEMENTATIONS = YES;
				CLANG_WARN_DIRECT_OBJC_ISA_USAGE = YES_ERROR;
				CLANG_WARN_DOCUMENTATION_COMMENTS = YES;
				CLANG_WARN_EMPTY_BODY = YES;
				CLANG_WARN_ENUM_CONVERSION = YES;
				CLANG_WARN_INFINITE_RECURSION = YES;
				CLANG_WARN_INT_CONVERSION = YES;
				CLANG_WARN_NON_LITERAL_NULL_CONVERSION = YES;
				CLANG_WARN_OBJC_IMPLICIT_RETAIN_SELF = YES;
				CLANG_WARN_OBJC_LITERAL_CONVERSION = YES;
				CLANG_WARN_OBJC_ROOT_CLASS = YES_ERROR;
				CLANG_WARN_QUOTED_INCLUDE_IN_FRAMEWORK_HEADER = YES;
				CLANG_WARN_RANGE_LOOP_ANALYSIS = YES;
				CLANG_WARN_STRICT_PROTOTYPES = YES;
				CLANG_WARN_SUSPICIOUS_MOVE = YES;
				CLANG_WARN_UNGUARDED_AVAILABILITY = YES_AGGRESSIVE;
				CLANG_WARN_UNREACHABLE_CODE = YES;
				CLANG_WARN__DUPLICATE_METHOD_MATCH = YES;
				COPY_PHASE_STRIP = NO;
				DEBUG_INFORMATION_FORMAT = "dwarf-with-dsym";
				ENABLE_NS_ASSERTIONS = NO;
				ENABLE_STRICT_OBJC_MSGSEND = YES;
				ENABLE_USER_SCRIPT_SANDBOXING = NO;
				GCC_C_LANGUAGE_STANDARD = gnu17;
				GCC_NO_COMMON_BLOCKS = YES;
				GCC_WARN_64_TO_32_BIT_CONVERSION = YES;
				GCC_WARN_ABOUT_RETURN_TYPE = YES_ERROR;
				GCC_WARN_UNDECLARED_SELECTOR = YES;
				GCC_WARN_UNINITIALIZED_AUTOS = YES_AGGRESSIVE;
				GCC_WARN_UNUSED_FUNCTION = YES;
				GCC_WARN_UNUSED_VARIABLE = YES;
				IPHONEOS_DEPLOYMENT_TARGET = 17.2;
				LOCALIZATION_PREFERS_STRING_CATALOGS = YES;
				MTL_ENABLE_DEBUG_INFO = NO;
				MTL_FAST_MATH = YES;
				SDKROOT = iphoneos;
				SWIFT_COMPILATION_MODE = wholemodule;
				VALIDATE_PRODUCT = YES;
			};
			name = Release;
		};
		261F44C32B25B93E00080669 /* Debug */ = {
			isa = XCBuildConfiguration;
			baseConfigurationReference = 5179FECCE44B63CB2672945E /* Pods-moneyQuiz.debug.xcconfig */;
			buildSettings = {
				ASSETCATALOG_COMPILER_APPICON_NAME = AppIcon;
				ASSETCATALOG_COMPILER_GLOBAL_ACCENT_COLOR_NAME = AccentColor;
				CODE_SIGN_STYLE = Automatic;
				CURRENT_PROJECT_VERSION = 2.9;
				DEVELOPMENT_ASSET_PATHS = "\"moneyQuiz/Preview Content\"";
				DEVELOPMENT_TEAM = F3XS565TSX;
				ENABLE_PREVIEWS = YES;
				GENERATE_INFOPLIST_FILE = YES;
				INFOPLIST_FILE = moneyQuiz/Info.plist;
				INFOPLIST_KEY_CFBundleDisplayName = "FPクエスト";
				INFOPLIST_KEY_UIApplicationSceneManifest_Generation = YES;
				INFOPLIST_KEY_UIApplicationSupportsIndirectInputEvents = YES;
				INFOPLIST_KEY_UISupportedInterfaceOrientations_iPad = "UIInterfaceOrientationPortrait UIInterfaceOrientationPortraitUpsideDown UIInterfaceOrientationLandscapeLeft UIInterfaceOrientationLandscapeRight";
				INFOPLIST_KEY_UISupportedInterfaceOrientations_iPhone = "UIInterfaceOrientationPortrait UIInterfaceOrientationLandscapeLeft UIInterfaceOrientationLandscapeRight";
				IPHONEOS_DEPLOYMENT_TARGET = 16.0;
				LD_RUNPATH_SEARCH_PATHS = (
					"$(inherited)",
					"@executable_path/Frameworks",
				);
				MARKETING_VERSION = 2.9;
				ONLY_ACTIVE_ARCH = YES;
				PRODUCT_BUNDLE_IDENTIFIER = "Swift-Beginners-app.moneyQuiz";
				PRODUCT_NAME = "$(TARGET_NAME)";
				SWIFT_EMIT_LOC_STRINGS = YES;
				SWIFT_VERSION = 5.0;
				TARGETED_DEVICE_FAMILY = "1,2";
			};
			name = Debug;
		};
		261F44C42B25B93E00080669 /* Release */ = {
			isa = XCBuildConfiguration;
			baseConfigurationReference = 8BFB83CE6250694AD6A58DDA /* Pods-moneyQuiz.release.xcconfig */;
			buildSettings = {
				ASSETCATALOG_COMPILER_APPICON_NAME = AppIcon;
				ASSETCATALOG_COMPILER_GLOBAL_ACCENT_COLOR_NAME = AccentColor;
				CODE_SIGN_STYLE = Automatic;
				CURRENT_PROJECT_VERSION = 2.9;
				DEVELOPMENT_ASSET_PATHS = "\"moneyQuiz/Preview Content\"";
				DEVELOPMENT_TEAM = F3XS565TSX;
				ENABLE_PREVIEWS = YES;
				GENERATE_INFOPLIST_FILE = YES;
				INFOPLIST_FILE = moneyQuiz/Info.plist;
				INFOPLIST_KEY_CFBundleDisplayName = "FPクエスト";
				INFOPLIST_KEY_UIApplicationSceneManifest_Generation = YES;
				INFOPLIST_KEY_UIApplicationSupportsIndirectInputEvents = YES;
				INFOPLIST_KEY_UISupportedInterfaceOrientations_iPad = "UIInterfaceOrientationPortrait UIInterfaceOrientationPortraitUpsideDown UIInterfaceOrientationLandscapeLeft UIInterfaceOrientationLandscapeRight";
				INFOPLIST_KEY_UISupportedInterfaceOrientations_iPhone = "UIInterfaceOrientationPortrait UIInterfaceOrientationLandscapeLeft UIInterfaceOrientationLandscapeRight";
				IPHONEOS_DEPLOYMENT_TARGET = 16.0;
				LD_RUNPATH_SEARCH_PATHS = (
					"$(inherited)",
					"@executable_path/Frameworks",
				);
				MARKETING_VERSION = 2.9;
				ONLY_ACTIVE_ARCH = NO;
				PRODUCT_BUNDLE_IDENTIFIER = "Swift-Beginners-app.moneyQuiz";
				PRODUCT_NAME = "$(TARGET_NAME)";
				SWIFT_EMIT_LOC_STRINGS = YES;
				SWIFT_VERSION = 5.0;
				TARGETED_DEVICE_FAMILY = "1,2";
			};
			name = Release;
		};
/* End XCBuildConfiguration section */

/* Begin XCConfigurationList section */
		261F44AF2B25B93C00080669 /* Build configuration list for PBXProject "moneyQuiz" */ = {
			isa = XCConfigurationList;
			buildConfigurations = (
				261F44C02B25B93E00080669 /* Debug */,
				261F44C12B25B93E00080669 /* Release */,
			);
			defaultConfigurationIsVisible = 0;
			defaultConfigurationName = Release;
		};
		261F44C22B25B93E00080669 /* Build configuration list for PBXNativeTarget "moneyQuiz" */ = {
			isa = XCConfigurationList;
			buildConfigurations = (
				261F44C32B25B93E00080669 /* Debug */,
				261F44C42B25B93E00080669 /* Release */,
			);
			defaultConfigurationIsVisible = 0;
			defaultConfigurationName = Release;
		};
/* End XCConfigurationList section */

/* Begin XCRemoteSwiftPackageReference section */
		1820AE052B517F8400BBA679 /* XCRemoteSwiftPackageReference "AppVersionMonitorSwiftUI" */ = {
			isa = XCRemoteSwiftPackageReference;
			repositoryURL = "https://github.com/SNQ-2001/AppVersionMonitorSwiftUI";
			requirement = {
				kind = upToNextMajorVersion;
				minimumVersion = 0.1.1;
			};
		};
/* End XCRemoteSwiftPackageReference section */

/* Begin XCSwiftPackageProductDependency section */
		1820AE062B518A5B00BBA679 /* AppVersionMonitorSwiftUI */ = {
			isa = XCSwiftPackageProductDependency;
			package = 1820AE052B517F8400BBA679 /* XCRemoteSwiftPackageReference "AppVersionMonitorSwiftUI" */;
			productName = AppVersionMonitorSwiftUI;
		};
/* End XCSwiftPackageProductDependency section */
	};
	rootObject = 261F44AC2B25B93C00080669 /* Project object */;
}
